// !$*UTF8*$!
{
	archiveVersion = 1;
	classes = {
	};
	objectVersion = 48;
	objects = {

/* Begin PBXBuildFile section */
		6D14EBE91F78C7B40082B01B /* Main.storyboard in Resources */ = {isa = PBXBuildFile; fileRef = 6D14EBE71F78C7B40082B01B /* Main.storyboard */; };
		6D14EBEC1F78C7B40082B01B /* MTKIT.xcdatamodeld in Sources */ = {isa = PBXBuildFile; fileRef = 6D14EBEA1F78C7B40082B01B /* MTKIT.xcdatamodeld */; };
		6D14EBEE1F78C7B40082B01B /* Assets.xcassets in Resources */ = {isa = PBXBuildFile; fileRef = 6D14EBED1F78C7B40082B01B /* Assets.xcassets */; };
		6D14EBF11F78C7B40082B01B /* LaunchScreen.storyboard in Resources */ = {isa = PBXBuildFile; fileRef = 6D14EBEF1F78C7B40082B01B /* LaunchScreen.storyboard */; };
		6D14EBF41F78C7B40082B01B /* main.m in Sources */ = {isa = PBXBuildFile; fileRef = 6D14EBF31F78C7B40082B01B /* main.m */; };
		6D14EBFE1F78C7B40082B01B /* MTKITTests.m in Sources */ = {isa = PBXBuildFile; fileRef = 6D14EBFD1F78C7B40082B01B /* MTKITTests.m */; };
		6D14EC091F78C7B40082B01B /* MTKITUITests.m in Sources */ = {isa = PBXBuildFile; fileRef = 6D14EC081F78C7B40082B01B /* MTKITUITests.m */; };
		6D14EC1D1F78C86F0082B01B /* AppDelegate.m in Sources */ = {isa = PBXBuildFile; fileRef = 6D14EC1A1F78C86F0082B01B /* AppDelegate.m */; };
		6D14EC1E1F78C86F0082B01B /* ViewController.m in Sources */ = {isa = PBXBuildFile; fileRef = 6D14EC1C1F78C86F0082B01B /* ViewController.m */; };
/* End PBXBuildFile section */

/* Begin PBXContainerItemProxy section */
		6D14EBFA1F78C7B40082B01B /* PBXContainerItemProxy */ = {
			isa = PBXContainerItemProxy;
			containerPortal = 6D14EBD61F78C7B40082B01B /* Project object */;
			proxyType = 1;
			remoteGlobalIDString = 6D14EBDD1F78C7B40082B01B;
			remoteInfo = MTKIT;
		};
		6D14EC051F78C7B40082B01B /* PBXContainerItemProxy */ = {
			isa = PBXContainerItemProxy;
			containerPortal = 6D14EBD61F78C7B40082B01B /* Project object */;
			proxyType = 1;
			remoteGlobalIDString = 6D14EBDD1F78C7B40082B01B;
			remoteInfo = MTKIT;
		};
/* End PBXContainerItemProxy section */

/* Begin PBXFileReference section */
		6D14EBDE1F78C7B40082B01B /* MTKIT.app */ = {isa = PBXFileReference; explicitFileType = wrapper.application; includeInIndex = 0; path = MTKIT.app; sourceTree = BUILT_PRODUCTS_DIR; };
		6D14EBE81F78C7B40082B01B /* Base */ = {isa = PBXFileReference; lastKnownFileType = file.storyboard; name = Base; path = Base.lproj/Main.storyboard; sourceTree = "<group>"; };
		6D14EBEB1F78C7B40082B01B /* MTKIT.xcdatamodel */ = {isa = PBXFileReference; lastKnownFileType = wrapper.xcdatamodel; path = MTKIT.xcdatamodel; sourceTree = "<group>"; };
		6D14EBED1F78C7B40082B01B /* Assets.xcassets */ = {isa = PBXFileReference; lastKnownFileType = folder.assetcatalog; path = Assets.xcassets; sourceTree = "<group>"; };
		6D14EBF01F78C7B40082B01B /* Base */ = {isa = PBXFileReference; lastKnownFileType = file.storyboard; name = Base; path = Base.lproj/LaunchScreen.storyboard; sourceTree = "<group>"; };
		6D14EBF21F78C7B40082B01B /* Info.plist */ = {isa = PBXFileReference; lastKnownFileType = text.plist.xml; path = Info.plist; sourceTree = "<group>"; };
		6D14EBF31F78C7B40082B01B /* main.m */ = {isa = PBXFileReference; lastKnownFileType = sourcecode.c.objc; path = main.m; sourceTree = "<group>"; };
		6D14EBF91F78C7B40082B01B /* MTKITTests.xctest */ = {isa = PBXFileReference; explicitFileType = wrapper.cfbundle; includeInIndex = 0; path = MTKITTests.xctest; sourceTree = BUILT_PRODUCTS_DIR; };
		6D14EBFD1F78C7B40082B01B /* MTKITTests.m */ = {isa = PBXFileReference; lastKnownFileType = sourcecode.c.objc; path = MTKITTests.m; sourceTree = "<group>"; };
		6D14EBFF1F78C7B40082B01B /* Info.plist */ = {isa = PBXFileReference; lastKnownFileType = text.plist.xml; path = Info.plist; sourceTree = "<group>"; };
		6D14EC041F78C7B40082B01B /* MTKITUITests.xctest */ = {isa = PBXFileReference; explicitFileType = wrapper.cfbundle; includeInIndex = 0; path = MTKITUITests.xctest; sourceTree = BUILT_PRODUCTS_DIR; };
		6D14EC081F78C7B40082B01B /* MTKITUITests.m */ = {isa = PBXFileReference; lastKnownFileType = sourcecode.c.objc; path = MTKITUITests.m; sourceTree = "<group>"; };
		6D14EC0A1F78C7B40082B01B /* Info.plist */ = {isa = PBXFileReference; lastKnownFileType = text.plist.xml; path = Info.plist; sourceTree = "<group>"; };
		6D14EC171F78C86F0082B01B /* MTKit.h */ = {isa = PBXFileReference; fileEncoding = 4; lastKnownFileType = sourcecode.c.h; path = MTKit.h; sourceTree = "<group>"; };
		6D14EC191F78C86F0082B01B /* AppDelegate.h */ = {isa = PBXFileReference; fileEncoding = 4; lastKnownFileType = sourcecode.c.h; path = AppDelegate.h; sourceTree = "<group>"; };
		6D14EC1A1F78C86F0082B01B /* AppDelegate.m */ = {isa = PBXFileReference; fileEncoding = 4; lastKnownFileType = sourcecode.c.objc; path = AppDelegate.m; sourceTree = "<group>"; };
		6D14EC1B1F78C86F0082B01B /* ViewController.h */ = {isa = PBXFileReference; fileEncoding = 4; lastKnownFileType = sourcecode.c.h; path = ViewController.h; sourceTree = "<group>"; };
		6D14EC1C1F78C86F0082B01B /* ViewController.m */ = {isa = PBXFileReference; fileEncoding = 4; lastKnownFileType = sourcecode.c.objc; path = ViewController.m; sourceTree = "<group>"; };
/* End PBXFileReference section */

/* Begin PBXFrameworksBuildPhase section */
		6D14EBDB1F78C7B40082B01B /* Frameworks */ = {
			isa = PBXFrameworksBuildPhase;
			buildActionMask = 2147483647;
			files = (
			);
			runOnlyForDeploymentPostprocessing = 0;
		};
		6D14EBF61F78C7B40082B01B /* Frameworks */ = {
			isa = PBXFrameworksBuildPhase;
			buildActionMask = 2147483647;
			files = (
			);
			runOnlyForDeploymentPostprocessing = 0;
		};
		6D14EC011F78C7B40082B01B /* Frameworks */ = {
			isa = PBXFrameworksBuildPhase;
			buildActionMask = 2147483647;
			files = (
			);
			runOnlyForDeploymentPostprocessing = 0;
		};
/* End PBXFrameworksBuildPhase section */

/* Begin PBXGroup section */
		6D14EBD51F78C7B40082B01B = {
			isa = PBXGroup;
			children = (
				6D14EC181F78C86F0082B01B /* Example */,
				6D14EC161F78C86F0082B01B /* lib */,
				6D14EBE01F78C7B40082B01B /* MTKIT */,
				6D14EBFC1F78C7B40082B01B /* MTKITTests */,
				6D14EC071F78C7B40082B01B /* MTKITUITests */,
				6D14EBDF1F78C7B40082B01B /* Products */,
			);
			sourceTree = "<group>";
		};
		6D14EBDF1F78C7B40082B01B /* Products */ = {
			isa = PBXGroup;
			children = (
				6D14EBDE1F78C7B40082B01B /* MTKIT.app */,
				6D14EBF91F78C7B40082B01B /* MTKITTests.xctest */,
				6D14EC041F78C7B40082B01B /* MTKITUITests.xctest */,
			);
			name = Products;
			sourceTree = "<group>";
		};
		6D14EBE01F78C7B40082B01B /* MTKIT */ = {
			isa = PBXGroup;
			children = (
				6D14EBE71F78C7B40082B01B /* Main.storyboard */,
				6D14EBED1F78C7B40082B01B /* Assets.xcassets */,
				6D14EBEF1F78C7B40082B01B /* LaunchScreen.storyboard */,
				6D14EBF21F78C7B40082B01B /* Info.plist */,
				6D14EBF31F78C7B40082B01B /* main.m */,
				6D14EBEA1F78C7B40082B01B /* MTKIT.xcdatamodeld */,
			);
			path = MTKIT;
			sourceTree = "<group>";
		};
		6D14EBFC1F78C7B40082B01B /* MTKITTests */ = {
			isa = PBXGroup;
			children = (
				6D14EBFD1F78C7B40082B01B /* MTKITTests.m */,
				6D14EBFF1F78C7B40082B01B /* Info.plist */,
			);
			path = MTKITTests;
			sourceTree = "<group>";
		};
		6D14EC071F78C7B40082B01B /* MTKITUITests */ = {
			isa = PBXGroup;
			children = (
				6D14EC081F78C7B40082B01B /* MTKITUITests.m */,
				6D14EC0A1F78C7B40082B01B /* Info.plist */,
			);
			path = MTKITUITests;
			sourceTree = "<group>";
		};
		6D14EC161F78C86F0082B01B /* lib */ = {
			isa = PBXGroup;
			children = (
				6D14EC171F78C86F0082B01B /* MTKit.h */,
			);
			path = lib;
			sourceTree = "<group>";
		};
		6D14EC181F78C86F0082B01B /* Example */ = {
			isa = PBXGroup;
			children = (
				6D14EC191F78C86F0082B01B /* AppDelegate.h */,
				6D14EC1A1F78C86F0082B01B /* AppDelegate.m */,
				6D14EC1B1F78C86F0082B01B /* ViewController.h */,
				6D14EC1C1F78C86F0082B01B /* ViewController.m */,
			);
			path = Example;
			sourceTree = "<group>";
		};
/* End PBXGroup section */

/* Begin PBXNativeTarget section */
		6D14EBDD1F78C7B40082B01B /* MTKIT */ = {
			isa = PBXNativeTarget;
			buildConfigurationList = 6D14EC0D1F78C7B40082B01B /* Build configuration list for PBXNativeTarget "MTKIT" */;
			buildPhases = (
				6D14EBDA1F78C7B40082B01B /* Sources */,
				6D14EBDB1F78C7B40082B01B /* Frameworks */,
				6D14EBDC1F78C7B40082B01B /* Resources */,
			);
			buildRules = (
			);
			dependencies = (
			);
			name = MTKIT;
			productName = MTKIT;
			productReference = 6D14EBDE1F78C7B40082B01B /* MTKIT.app */;
			productType = "com.apple.product-type.application";
		};
		6D14EBF81F78C7B40082B01B /* MTKITTests */ = {
			isa = PBXNativeTarget;
			buildConfigurationList = 6D14EC101F78C7B40082B01B /* Build configuration list for PBXNativeTarget "MTKITTests" */;
			buildPhases = (
				6D14EBF51F78C7B40082B01B /* Sources */,
				6D14EBF61F78C7B40082B01B /* Frameworks */,
				6D14EBF71F78C7B40082B01B /* Resources */,
			);
			buildRules = (
			);
			dependencies = (
				6D14EBFB1F78C7B40082B01B /* PBXTargetDependency */,
			);
			name = MTKITTests;
			productName = MTKITTests;
			productReference = 6D14EBF91F78C7B40082B01B /* MTKITTests.xctest */;
			productType = "com.apple.product-type.bundle.unit-test";
		};
		6D14EC031F78C7B40082B01B /* MTKITUITests */ = {
			isa = PBXNativeTarget;
			buildConfigurationList = 6D14EC131F78C7B40082B01B /* Build configuration list for PBXNativeTarget "MTKITUITests" */;
			buildPhases = (
				6D14EC001F78C7B40082B01B /* Sources */,
				6D14EC011F78C7B40082B01B /* Frameworks */,
				6D14EC021F78C7B40082B01B /* Resources */,
			);
			buildRules = (
			);
			dependencies = (
				6D14EC061F78C7B40082B01B /* PBXTargetDependency */,
			);
			name = MTKITUITests;
			productName = MTKITUITests;
			productReference = 6D14EC041F78C7B40082B01B /* MTKITUITests.xctest */;
			productType = "com.apple.product-type.bundle.ui-testing";
		};
/* End PBXNativeTarget section */

/* Begin PBXProject section */
		6D14EBD61F78C7B40082B01B /* Project object */ = {
			isa = PBXProject;
			attributes = {
				LastUpgradeCheck = 0900;
				ORGANIZATIONNAME = MTKIT;
				TargetAttributes = {
					6D14EBDD1F78C7B40082B01B = {
						CreatedOnToolsVersion = 9.0;
						ProvisioningStyle = Automatic;
					};
					6D14EBF81F78C7B40082B01B = {
						CreatedOnToolsVersion = 9.0;
						ProvisioningStyle = Automatic;
						TestTargetID = 6D14EBDD1F78C7B40082B01B;
					};
					6D14EC031F78C7B40082B01B = {
						CreatedOnToolsVersion = 9.0;
						ProvisioningStyle = Automatic;
						TestTargetID = 6D14EBDD1F78C7B40082B01B;
					};
				};
			};
			buildConfigurationList = 6D14EBD91F78C7B40082B01B /* Build configuration list for PBXProject "MTKIT" */;
			compatibilityVersion = "Xcode 8.0";
			developmentRegion = en;
			hasScannedForEncodings = 0;
			knownRegions = (
				en,
				Base,
			);
			mainGroup = 6D14EBD51F78C7B40082B01B;
			productRefGroup = 6D14EBDF1F78C7B40082B01B /* Products */;
			projectDirPath = "";
			projectRoot = "";
			targets = (
				6D14EBDD1F78C7B40082B01B /* MTKIT */,
				6D14EBF81F78C7B40082B01B /* MTKITTests */,
				6D14EC031F78C7B40082B01B /* MTKITUITests */,
			);
		};
/* End PBXProject section */

/* Begin PBXResourcesBuildPhase section */
		6D14EBDC1F78C7B40082B01B /* Resources */ = {
			isa = PBXResourcesBuildPhase;
			buildActionMask = 2147483647;
			files = (
				6D14EBF11F78C7B40082B01B /* LaunchScreen.storyboard in Resources */,
				6D14EBEE1F78C7B40082B01B /* Assets.xcassets in Resources */,
				6D14EBE91F78C7B40082B01B /* Main.storyboard in Resources */,
			);
			runOnlyForDeploymentPostprocessing = 0;
		};
		6D14EBF71F78C7B40082B01B /* Resources */ = {
			isa = PBXResourcesBuildPhase;
			buildActionMask = 2147483647;
			files = (
			);
			runOnlyForDeploymentPostprocessing = 0;
		};
		6D14EC021F78C7B40082B01B /* Resources */ = {
			isa = PBXResourcesBuildPhase;
			buildActionMask = 2147483647;
			files = (
			);
			runOnlyForDeploymentPostprocessing = 0;
		};
/* End PBXResourcesBuildPhase section */

/* Begin PBXSourcesBuildPhase section */
		6D14EBDA1F78C7B40082B01B /* Sources */ = {
			isa = PBXSourcesBuildPhase;
			buildActionMask = 2147483647;
			files = (
				6D14EBF41F78C7B40082B01B /* main.m in Sources */,
				6D14EBEC1F78C7B40082B01B /* MTKIT.xcdatamodeld in Sources */,
				6D14EC1E1F78C86F0082B01B /* ViewController.m in Sources */,
				6D14EC1D1F78C86F0082B01B /* AppDelegate.m in Sources */,
			);
			runOnlyForDeploymentPostprocessing = 0;
		};
		6D14EBF51F78C7B40082B01B /* Sources */ = {
			isa = PBXSourcesBuildPhase;
			buildActionMask = 2147483647;
			files = (
				6D14EBFE1F78C7B40082B01B /* MTKITTests.m in Sources */,
			);
			runOnlyForDeploymentPostprocessing = 0;
		};
		6D14EC001F78C7B40082B01B /* Sources */ = {
			isa = PBXSourcesBuildPhase;
			buildActionMask = 2147483647;
			files = (
				6D14EC091F78C7B40082B01B /* MTKITUITests.m in Sources */,
			);
			runOnlyForDeploymentPostprocessing = 0;
		};
/* End PBXSourcesBuildPhase section */

/* Begin PBXTargetDependency section */
		6D14EBFB1F78C7B40082B01B /* PBXTargetDependency */ = {
			isa = PBXTargetDependency;
			target = 6D14EBDD1F78C7B40082B01B /* MTKIT */;
			targetProxy = 6D14EBFA1F78C7B40082B01B /* PBXContainerItemProxy */;
		};
		6D14EC061F78C7B40082B01B /* PBXTargetDependency */ = {
			isa = PBXTargetDependency;
			target = 6D14EBDD1F78C7B40082B01B /* MTKIT */;
			targetProxy = 6D14EC051F78C7B40082B01B /* PBXContainerItemProxy */;
		};
/* End PBXTargetDependency section */

/* Begin PBXVariantGroup section */
		6D14EBE71F78C7B40082B01B /* Main.storyboard */ = {
			isa = PBXVariantGroup;
			children = (
				6D14EBE81F78C7B40082B01B /* Base */,
			);
			name = Main.storyboard;
			sourceTree = "<group>";
		};
		6D14EBEF1F78C7B40082B01B /* LaunchScreen.storyboard */ = {
			isa = PBXVariantGroup;
			children = (
				6D14EBF01F78C7B40082B01B /* Base */,
			);
			name = LaunchScreen.storyboard;
			sourceTree = "<group>";
		};
/* End PBXVariantGroup section */

/* Begin XCBuildConfiguration section */
		6D14EC0B1F78C7B40082B01B /* Debug */ = {
			isa = XCBuildConfiguration;
			buildSettings = {
				ALWAYS_SEARCH_USER_PATHS = NO;
				CLANG_ANALYZER_NONNULL = YES;
				CLANG_ANALYZER_NUMBER_OBJECT_CONVERSION = YES_AGGRESSIVE;
				CLANG_CXX_LANGUAGE_STANDARD = "gnu++14";
				CLANG_CXX_LIBRARY = "libc++";
				CLANG_ENABLE_MODULES = YES;
				CLANG_ENABLE_OBJC_ARC = YES;
				CLANG_WARN_BLOCK_CAPTURE_AUTORELEASING = YES;
				CLANG_WARN_BOOL_CONVERSION = YES;
				CLANG_WARN_COMMA = YES;
				CLANG_WARN_CONSTANT_CONVERSION = YES;
				CLANG_WARN_DIRECT_OBJC_ISA_USAGE = YES_ERROR;
				CLANG_WARN_DOCUMENTATION_COMMENTS = YES;
				CLANG_WARN_EMPTY_BODY = YES;
				CLANG_WARN_ENUM_CONVERSION = YES;
				CLANG_WARN_INFINITE_RECURSION = YES;
				CLANG_WARN_INT_CONVERSION = YES;
				CLANG_WARN_NON_LITERAL_NULL_CONVERSION = YES;
				CLANG_WARN_OBJC_LITERAL_CONVERSION = YES;
				CLANG_WARN_OBJC_ROOT_CLASS = YES_ERROR;
				CLANG_WARN_RANGE_LOOP_ANALYSIS = YES;
				CLANG_WARN_STRICT_PROTOTYPES = YES;
				CLANG_WARN_SUSPICIOUS_MOVE = YES;
				CLANG_WARN_UNGUARDED_AVAILABILITY = YES_AGGRESSIVE;
				CLANG_WARN_UNREACHABLE_CODE = YES;
				CLANG_WARN__DUPLICATE_METHOD_MATCH = YES;
				CODE_SIGN_IDENTITY = "iPhone Developer";
				COPY_PHASE_STRIP = NO;
				DEBUG_INFORMATION_FORMAT = dwarf;
				ENABLE_STRICT_OBJC_MSGSEND = YES;
				ENABLE_TESTABILITY = YES;
				GCC_C_LANGUAGE_STANDARD = gnu11;
				GCC_DYNAMIC_NO_PIC = NO;
				GCC_NO_COMMON_BLOCKS = YES;
				GCC_OPTIMIZATION_LEVEL = 0;
				GCC_PREPROCESSOR_DEFINITIONS = (
					"DEBUG=1",
					"$(inherited)",
				);
				GCC_WARN_64_TO_32_BIT_CONVERSION = YES;
				GCC_WARN_ABOUT_RETURN_TYPE = YES_ERROR;
				GCC_WARN_UNDECLARED_SELECTOR = YES;
				GCC_WARN_UNINITIALIZED_AUTOS = YES_AGGRESSIVE;
				GCC_WARN_UNUSED_FUNCTION = YES;
				GCC_WARN_UNUSED_VARIABLE = YES;
				IPHONEOS_DEPLOYMENT_TARGET = 11.0;
				MTL_ENABLE_DEBUG_INFO = YES;
				ONLY_ACTIVE_ARCH = YES;
				SDKROOT = iphoneos;
			};
			name = Debug;
		};
		6D14EC0C1F78C7B40082B01B /* Release */ = {
			isa = XCBuildConfiguration;
			buildSettings = {
				ALWAYS_SEARCH_USER_PATHS = NO;
				CLANG_ANALYZER_NONNULL = YES;
				CLANG_ANALYZER_NUMBER_OBJECT_CONVERSION = YES_AGGRESSIVE;
				CLANG_CXX_LANGUAGE_STANDARD = "gnu++14";
				CLANG_CXX_LIBRARY = "libc++";
				CLANG_ENABLE_MODULES = YES;
				CLANG_ENABLE_OBJC_ARC = YES;
				CLANG_WARN_BLOCK_CAPTURE_AUTORELEASING = YES;
				CLANG_WARN_BOOL_CONVERSION = YES;
				CLANG_WARN_COMMA = YES;
				CLANG_WARN_CONSTANT_CONVERSION = YES;
				CLANG_WARN_DIRECT_OBJC_ISA_USAGE = YES_ERROR;
				CLANG_WARN_DOCUMENTATION_COMMENTS = YES;
				CLANG_WARN_EMPTY_BODY = YES;
				CLANG_WARN_ENUM_CONVERSION = YES;
				CLANG_WARN_INFINITE_RECURSION = YES;
				CLANG_WARN_INT_CONVERSION = YES;
				CLANG_WARN_NON_LITERAL_NULL_CONVERSION = YES;
				CLANG_WARN_OBJC_LITERAL_CONVERSION = YES;
				CLANG_WARN_OBJC_ROOT_CLASS = YES_ERROR;
				CLANG_WARN_RANGE_LOOP_ANALYSIS = YES;
				CLANG_WARN_STRICT_PROTOTYPES = YES;
				CLANG_WARN_SUSPICIOUS_MOVE = YES;
				CLANG_WARN_UNGUARDED_AVAILABILITY = YES_AGGRESSIVE;
				CLANG_WARN_UNREACHABLE_CODE = YES;
				CLANG_WARN__DUPLICATE_METHOD_MATCH = YES;
				CODE_SIGN_IDENTITY = "iPhone Developer";
				COPY_PHASE_STRIP = NO;
				DEBUG_INFORMATION_FORMAT = "dwarf-with-dsym";
				ENABLE_NS_ASSERTIONS = NO;
				ENABLE_STRICT_OBJC_MSGSEND = YES;
				GCC_C_LANGUAGE_STANDARD = gnu11;
				GCC_NO_COMMON_BLOCKS = YES;
				GCC_WARN_64_TO_32_BIT_CONVERSION = YES;
				GCC_WARN_ABOUT_RETURN_TYPE = YES_ERROR;
				GCC_WARN_UNDECLARED_SELECTOR = YES;
				GCC_WARN_UNINITIALIZED_AUTOS = YES_AGGRESSIVE;
				GCC_WARN_UNUSED_FUNCTION = YES;
				GCC_WARN_UNUSED_VARIABLE = YES;
				IPHONEOS_DEPLOYMENT_TARGET = 11.0;
				MTL_ENABLE_DEBUG_INFO = NO;
				SDKROOT = iphoneos;
				VALIDATE_PRODUCT = YES;
			};
			name = Release;
		};
		6D14EC0E1F78C7B40082B01B /* Debug */ = {
			isa = XCBuildConfiguration;
			buildSettings = {
				ASSETCATALOG_COMPILER_APPICON_NAME = AppIcon;
				CODE_SIGN_STYLE = Automatic;
				DEVELOPMENT_TEAM = J6LD8332TN;
				INFOPLIST_FILE = MTKIT/Info.plist;
				IPHONEOS_DEPLOYMENT_TARGET = 8.0;
				LD_RUNPATH_SEARCH_PATHS = "$(inherited) @executable_path/Frameworks";
				PRODUCT_BUNDLE_IDENTIFIER = MTFrameWork.MTKIT;
				PRODUCT_NAME = "$(TARGET_NAME)";
				TARGETED_DEVICE_FAMILY = "1,2";
			};
			name = Debug;
		};
		6D14EC0F1F78C7B40082B01B /* Release */ = {
			isa = XCBuildConfiguration;
			buildSettings = {
				ASSETCATALOG_COMPILER_APPICON_NAME = AppIcon;
				CODE_SIGN_STYLE = Automatic;
				DEVELOPMENT_TEAM = J6LD8332TN;
				INFOPLIST_FILE = MTKIT/Info.plist;
				IPHONEOS_DEPLOYMENT_TARGET = 8.0;
				LD_RUNPATH_SEARCH_PATHS = "$(inherited) @executable_path/Frameworks";
				PRODUCT_BUNDLE_IDENTIFIER = MTFrameWork.MTKIT;
				PRODUCT_NAME = "$(TARGET_NAME)";
				TARGETED_DEVICE_FAMILY = "1,2";
			};
			name = Release;
		};
		6D14EC111F78C7B40082B01B /* Debug */ = {
			isa = XCBuildConfiguration;
			buildSettings = {
				BUNDLE_LOADER = "$(TEST_HOST)";
				CODE_SIGN_STYLE = Automatic;
				DEVELOPMENT_TEAM = 2TC6SPVW4E;
				INFOPLIST_FILE = MTKITTests/Info.plist;
				LD_RUNPATH_SEARCH_PATHS = "$(inherited) @executable_path/Frameworks @loader_path/Frameworks";
				PRODUCT_BUNDLE_IDENTIFIER = MTFrameWork.MTKITTests;
				PRODUCT_NAME = "$(TARGET_NAME)";
				TARGETED_DEVICE_FAMILY = "1,2";
				TEST_HOST = "$(BUILT_PRODUCTS_DIR)/MTKIT.app/MTKIT";
			};
			name = Debug;
		};
		6D14EC121F78C7B40082B01B /* Release */ = {
			isa = XCBuildConfiguration;
			buildSettings = {
				BUNDLE_LOADER = "$(TEST_HOST)";
				CODE_SIGN_STYLE = Automatic;
				DEVELOPMENT_TEAM = 2TC6SPVW4E;
				INFOPLIST_FILE = MTKITTests/Info.plist;
				LD_RUNPATH_SEARCH_PATHS = "$(inherited) @executable_path/Frameworks @loader_path/Frameworks";
				PRODUCT_BUNDLE_IDENTIFIER = MTFrameWork.MTKITTests;
				PRODUCT_NAME = "$(TARGET_NAME)";
				TARGETED_DEVICE_FAMILY = "1,2";
				TEST_HOST = "$(BUILT_PRODUCTS_DIR)/MTKIT.app/MTKIT";
			};
			name = Release;
		};
		6D14EC141F78C7B40082B01B /* Debug */ = {
			isa = XCBuildConfiguration;
			buildSettings = {
				CODE_SIGN_STYLE = Automatic;
				DEVELOPMENT_TEAM = 2TC6SPVW4E;
				INFOPLIST_FILE = MTKITUITests/Info.plist;
				LD_RUNPATH_SEARCH_PATHS = "$(inherited) @executable_path/Frameworks @loader_path/Frameworks";
				PRODUCT_BUNDLE_IDENTIFIER = MTFrameWork.MTKITUITests;
				PRODUCT_NAME = "$(TARGET_NAME)";
				TARGETED_DEVICE_FAMILY = "1,2";
				TEST_TARGET_NAME = MTKIT;
			};
			name = Debug;
		};
		6D14EC151F78C7B40082B01B /* Release */ = {
			isa = XCBuildConfiguration;
			buildSettings = {
				CODE_SIGN_STYLE = Automatic;
				DEVELOPMENT_TEAM = 2TC6SPVW4E;
				INFOPLIST_FILE = MTKITUITests/Info.plist;
				LD_RUNPATH_SEARCH_PATHS = "$(inherited) @executable_path/Frameworks @loader_path/Frameworks";
				PRODUCT_BUNDLE_IDENTIFIER = MTFrameWork.MTKITUITests;
				PRODUCT_NAME = "$(TARGET_NAME)";
				TARGETED_DEVICE_FAMILY = "1,2";
				TEST_TARGET_NAME = MTKIT;
			};
			name = Release;
		};
/* End XCBuildConfiguration section */

/* Begin XCConfigurationList section */
		6D14EBD91F78C7B40082B01B /* Build configuration list for PBXProject "MTKIT" */ = {
			isa = XCConfigurationList;
			buildConfigurations = (
				6D14EC0B1F78C7B40082B01B /* Debug */,
				6D14EC0C1F78C7B40082B01B /* Release */,
			);
			defaultConfigurationIsVisible = 0;
			defaultConfigurationName = Release;
		};
		6D14EC0D1F78C7B40082B01B /* Build configuration list for PBXNativeTarget "MTKIT" */ = {
			isa = XCConfigurationList;
			buildConfigurations = (
				6D14EC0E1F78C7B40082B01B /* Debug */,
				6D14EC0F1F78C7B40082B01B /* Release */,
			);
			defaultConfigurationIsVisible = 0;
			defaultConfigurationName = Release;
		};
		6D14EC101F78C7B40082B01B /* Build configuration list for PBXNativeTarget "MTKITTests" */ = {
			isa = XCConfigurationList;
			buildConfigurations = (
				6D14EC111F78C7B40082B01B /* Debug */,
				6D14EC121F78C7B40082B01B /* Release */,
			);
			defaultConfigurationIsVisible = 0;
			defaultConfigurationName = Release;
		};
		6D14EC131F78C7B40082B01B /* Build configuration list for PBXNativeTarget "MTKITUITests" */ = {
			isa = XCConfigurationList;
			buildConfigurations = (
				6D14EC141F78C7B40082B01B /* Debug */,
				6D14EC151F78C7B40082B01B /* Release */,
			);
			defaultConfigurationIsVisible = 0;
			defaultConfigurationName = Release;
		};
/* End XCConfigurationList section */

/* Begin XCVersionGroup section */
		6D14EBEA1F78C7B40082B01B /* MTKIT.xcdatamodeld */ = {
			isa = XCVersionGroup;
			children = (
				6D14EBEB1F78C7B40082B01B /* MTKIT.xcdatamodel */,
			);
			currentVersion = 6D14EBEB1F78C7B40082B01B /* MTKIT.xcdatamodel */;
			path = MTKIT.xcdatamodeld;
			sourceTree = "<group>";
			versionGroupType = wrapper.xcdatamodel;
		};
/* End XCVersionGroup section */
	};
	rootObject = 6D14EBD61F78C7B40082B01B /* Project object */;
}
