// !$*UTF8*$!
{
	archiveVersion = 1;
	classes = {
	};
	objectVersion = 48;
	objects = {

/* Begin PBXBuildFile section */
		315290551F7A32800049CEF1 /* MTRETool.m in Sources */ = {isa = PBXBuildFile; fileRef = 31D4AAC91F7A305900A0345C /* MTRETool.m */; };
		315290561F7A32980049CEF1 /* MTSwizzleTool.m in Sources */ = {isa = PBXBuildFile; fileRef = 31D4AAB91F7A22E600A0345C /* MTSwizzleTool.m */; };
		31D4AA651F7A21B600A0345C /* NSArray+Log.m in Sources */ = {isa = PBXBuildFile; fileRef = 319FB1871F79EA3300E0F05A /* NSArray+Log.m */; };
		31D4AA661F7A21B600A0345C /* NSArray+MTDecription.m in Sources */ = {isa = PBXBuildFile; fileRef = 319FB21D1F79EA3A00E0F05A /* NSArray+MTDecription.m */; };
		31D4AA671F7A21B600A0345C /* NSDate+Category.m in Sources */ = {isa = PBXBuildFile; fileRef = 319FB1861F79EA3300E0F05A /* NSDate+Category.m */; };
		31D4AA681F7A21B600A0345C /* NSDate+Extension.m in Sources */ = {isa = PBXBuildFile; fileRef = 319FB1F21F79EA3700E0F05A /* NSDate+Extension.m */; };
		31D4AA691F7A21B600A0345C /* NSDate+Time.m in Sources */ = {isa = PBXBuildFile; fileRef = 319FB1E51F79EA3600E0F05A /* NSDate+Time.m */; };
		31D4AA6A1F7A21B600A0345C /* NSDateFormatter+Category.m in Sources */ = {isa = PBXBuildFile; fileRef = 319FB1E81F79EA3600E0F05A /* NSDateFormatter+Category.m */; };
		31D4AA6B1F7A21B600A0345C /* NSDictionary+MTDecription.m in Sources */ = {isa = PBXBuildFile; fileRef = 319FB1A11F79EA3500E0F05A /* NSDictionary+MTDecription.m */; };
		31D4AA6C1F7A21B600A0345C /* NSDictionary+MTProperty.m in Sources */ = {isa = PBXBuildFile; fileRef = 319FB1851F79EA3300E0F05A /* NSDictionary+MTProperty.m */; };
		31D4AA6D1F7A21B600A0345C /* NSDictionary+SHLog.m in Sources */ = {isa = PBXBuildFile; fileRef = 319FB1DB1F79EA3500E0F05A /* NSDictionary+SHLog.m */; };
		31D4AA6E1F7A21B600A0345C /* NSIndexPath+TableView.m in Sources */ = {isa = PBXBuildFile; fileRef = 319FB2021F79EA3800E0F05A /* NSIndexPath+TableView.m */; };
		31D4AA6F1F7A21B600A0345C /* NSMutableDictionary+MTMDictionary.m in Sources */ = {isa = PBXBuildFile; fileRef = 319FB19A1F79EA3400E0F05A /* NSMutableDictionary+MTMDictionary.m */; };
		31D4AA701F7A21B600A0345C /* NSNull+MT.m in Sources */ = {isa = PBXBuildFile; fileRef = 319FB18A1F79EA3300E0F05A /* NSNull+MT.m */; };
		31D4AA711F7A21B600A0345C /* NSObject+ClassMatch.m in Sources */ = {isa = PBXBuildFile; fileRef = 319FB1891F79EA3300E0F05A /* NSObject+ClassMatch.m */; };
		31D4AA721F7A21B600A0345C /* NSObject+MTDBProperty.m in Sources */ = {isa = PBXBuildFile; fileRef = 319FB1921F79EA3400E0F05A /* NSObject+MTDBProperty.m */; };
		31D4AA731F7A21B600A0345C /* NSString+Avatar.m in Sources */ = {isa = PBXBuildFile; fileRef = 319FB1991F79EA3400E0F05A /* NSString+Avatar.m */; };
		31D4AA741F7A21B600A0345C /* NSString+Emoji.m in Sources */ = {isa = PBXBuildFile; fileRef = 319FB2251F79EA3A00E0F05A /* NSString+Emoji.m */; };
		31D4AA751F7A21B600A0345C /* NSString+Hash.m in Sources */ = {isa = PBXBuildFile; fileRef = 319FB2061F79EA3900E0F05A /* NSString+Hash.m */; };
		31D4AA761F7A21B600A0345C /* NSString+HTML.m in Sources */ = {isa = PBXBuildFile; fileRef = 319FB2041F79EA3800E0F05A /* NSString+HTML.m */; };
		31D4AA771F7A21B600A0345C /* NSString+MTDateFormat.m in Sources */ = {isa = PBXBuildFile; fileRef = 319FB2161F79EA3900E0F05A /* NSString+MTDateFormat.m */; };
		31D4AA781F7A21B600A0345C /* NSString+MTRandom.m in Sources */ = {isa = PBXBuildFile; fileRef = 319FB17F1F79EA3300E0F05A /* NSString+MTRandom.m */; };
		31D4AA791F7A21B600A0345C /* NSString+MTRoSpace.m in Sources */ = {isa = PBXBuildFile; fileRef = 319FB21A1F79EA3900E0F05A /* NSString+MTRoSpace.m */; };
		31D4AA7A1F7A21B600A0345C /* NSString+MTStringHandle.m in Sources */ = {isa = PBXBuildFile; fileRef = 319FB2031F79EA3800E0F05A /* NSString+MTStringHandle.m */; };
		31D4AA7B1F7A21B600A0345C /* NSString+Path.m in Sources */ = {isa = PBXBuildFile; fileRef = 319FB1881F79EA3300E0F05A /* NSString+Path.m */; };
		31D4AA7C1F7A21B600A0345C /* NSString+Valid.m in Sources */ = {isa = PBXBuildFile; fileRef = 319FB2121F79EA3900E0F05A /* NSString+Valid.m */; };
		31D4AA7D1F7A21B600A0345C /* NSTimer+addition.m in Sources */ = {isa = PBXBuildFile; fileRef = 319FB1E11F79EA3600E0F05A /* NSTimer+addition.m */; };
		31D4AA7E1F7A21B600A0345C /* NSTimer+MTAddition.m in Sources */ = {isa = PBXBuildFile; fileRef = 319FB1A21F79EA3500E0F05A /* NSTimer+MTAddition.m */; };
		31D4AA7F1F7A21B600A0345C /* PHAsset+MT.m in Sources */ = {isa = PBXBuildFile; fileRef = 319FB2261F79EA3A00E0F05A /* PHAsset+MT.m */; };
		31D4AA801F7A21BA00A0345C /* NSObject+Swizzle.m in Sources */ = {isa = PBXBuildFile; fileRef = 319FB1A81F79EA3500E0F05A /* NSObject+Swizzle.m */; };
		31D4AA811F7A21BA00A0345C /* NSMutableArray+SafeKitMRC.m in Sources */ = {isa = PBXBuildFile; fileRef = 319FB1AD1F79EA3500E0F05A /* NSMutableArray+SafeKitMRC.m */; };
		31D4AA821F7A21BD00A0345C /* NSArray+SafeKit.m in Sources */ = {isa = PBXBuildFile; fileRef = 319FB1B21F79EA3500E0F05A /* NSArray+SafeKit.m */; };
		31D4AA831F7A21BD00A0345C /* NSNumber+SafeKit.m in Sources */ = {isa = PBXBuildFile; fileRef = 319FB1B41F79EA3500E0F05A /* NSNumber+SafeKit.m */; };
		31D4AA841F7A21BD00A0345C /* NSMutableDictionary+SafeKit.m in Sources */ = {isa = PBXBuildFile; fileRef = 319FB1B51F79EA3500E0F05A /* NSMutableDictionary+SafeKit.m */; };
		31D4AA851F7A21BD00A0345C /* NSString+SafeKit.m in Sources */ = {isa = PBXBuildFile; fileRef = 319FB1B61F79EA3500E0F05A /* NSString+SafeKit.m */; };
		31D4AA861F7A21BD00A0345C /* NSDictionary+SafeKit.m in Sources */ = {isa = PBXBuildFile; fileRef = 319FB1B71F79EA3500E0F05A /* NSDictionary+SafeKit.m */; };
		31D4AA871F7A21BD00A0345C /* NSMutableArray+SafeKit.m in Sources */ = {isa = PBXBuildFile; fileRef = 319FB1B81F79EA3500E0F05A /* NSMutableArray+SafeKit.m */; };
		31D4AA881F7A21BD00A0345C /* NSMutableString+SafeKit.m in Sources */ = {isa = PBXBuildFile; fileRef = 319FB1B91F79EA3500E0F05A /* NSMutableString+SafeKit.m */; };
		31D4AA891F7A21C100A0345C /* VSScrollView.m in Sources */ = {isa = PBXBuildFile; fileRef = 319FB1C01F79EA3500E0F05A /* VSScrollView.m */; };
		31D4AA8A1F7A21C100A0345C /* VSTimer.m in Sources */ = {isa = PBXBuildFile; fileRef = 319FB1C11F79EA3500E0F05A /* VSTimer.m */; };
		31D4AA8B1F7A21C100A0345C /* VSDependencyObject.m in Sources */ = {isa = PBXBuildFile; fileRef = 319FB1C21F79EA3500E0F05A /* VSDependencyObject.m */; };
		31D4AA8C1F7A21C100A0345C /* VSMethodHander.m in Sources */ = {isa = PBXBuildFile; fileRef = 319FB1C31F79EA3500E0F05A /* VSMethodHander.m */; };
		31D4AA8D1F7A21C100A0345C /* VSPickerView.m in Sources */ = {isa = PBXBuildFile; fileRef = 319FB1C51F79EA3500E0F05A /* VSPickerView.m */; };
		31D4AA8E1F7A21C100A0345C /* VSDependencyManager.m in Sources */ = {isa = PBXBuildFile; fileRef = 319FB1C71F79EA3500E0F05A /* VSDependencyManager.m */; };
		31D4AA8F1F7A21C100A0345C /* UIGestureRecognizer+VSDependencyManager.m in Sources */ = {isa = PBXBuildFile; fileRef = 319FB1C91F79EA3500E0F05A /* UIGestureRecognizer+VSDependencyManager.m */; };
		31D4AA901F7A21C100A0345C /* NSObject+VSDependencyManager.m in Sources */ = {isa = PBXBuildFile; fileRef = 319FB1D11F79EA3500E0F05A /* NSObject+VSDependencyManager.m */; };
		31D4AA911F7A21C100A0345C /* VSTableView.m in Sources */ = {isa = PBXBuildFile; fileRef = 319FB1D31F79EA3500E0F05A /* VSTableView.m */; };
		31D4AA921F7A21C100A0345C /* UIView+VSDependencyManager.m in Sources */ = {isa = PBXBuildFile; fileRef = 319FB1D51F79EA3500E0F05A /* UIView+VSDependencyManager.m */; };
		31D4AA931F7A21C100A0345C /* UIViewController+VSDependencyManager.m in Sources */ = {isa = PBXBuildFile; fileRef = 319FB1D61F79EA3500E0F05A /* UIViewController+VSDependencyManager.m */; };
		31D4AA941F7A21C100A0345C /* UIControl+VSDependencyManager.m in Sources */ = {isa = PBXBuildFile; fileRef = 319FB1D81F79EA3500E0F05A /* UIControl+VSDependencyManager.m */; };
		31D4AA951F7A21C500A0345C /* UIBarButtonItem+Extension.m in Sources */ = {isa = PBXBuildFile; fileRef = 319FB2181F79EA3900E0F05A /* UIBarButtonItem+Extension.m */; };
		31D4AA961F7A21C500A0345C /* UIButton+MTAddition.m in Sources */ = {isa = PBXBuildFile; fileRef = 319FB1A41F79EA3500E0F05A /* UIButton+MTAddition.m */; };
		31D4AA971F7A21C500A0345C /* UIButton+SwizzleMT.m in Sources */ = {isa = PBXBuildFile; fileRef = 319FB1831F79EA3300E0F05A /* UIButton+SwizzleMT.m */; };
		31D4AA981F7A21C500A0345C /* UIColor+ComboBoxExtension.m in Sources */ = {isa = PBXBuildFile; fileRef = 319FB2191F79EA3900E0F05A /* UIColor+ComboBoxExtension.m */; };
		31D4AA991F7A21C500A0345C /* UIColor+KNColor.m in Sources */ = {isa = PBXBuildFile; fileRef = 319FB21C1F79EA3A00E0F05A /* UIColor+KNColor.m */; };
		31D4AA9A1F7A21C500A0345C /* UIControl+MTCheckClick.m in Sources */ = {isa = PBXBuildFile; fileRef = 319FB19E1F79EA3500E0F05A /* UIControl+MTCheckClick.m */; };
		31D4AA9C1F7A21C500A0345C /* UIImage+EXT.m in Sources */ = {isa = PBXBuildFile; fileRef = 319FB2271F79EA3A00E0F05A /* UIImage+EXT.m */; };
		31D4AA9D1F7A21C500A0345C /* UIImage+Extension.m in Sources */ = {isa = PBXBuildFile; fileRef = 319FB1821F79EA3300E0F05A /* UIImage+Extension.m */; };
		31D4AA9E1F7A21C500A0345C /* UIImage+MTDimensionalCode.m in Sources */ = {isa = PBXBuildFile; fileRef = 319FB2131F79EA3900E0F05A /* UIImage+MTDimensionalCode.m */; };
		31D4AA9F1F7A21C500A0345C /* UIImage+MTExtension.m in Sources */ = {isa = PBXBuildFile; fileRef = 319FB1DA1F79EA3500E0F05A /* UIImage+MTExtension.m */; };
		31D4AAA01F7A21C500A0345C /* UIImage+Tint.m in Sources */ = {isa = PBXBuildFile; fileRef = 319FB19C1F79EA3400E0F05A /* UIImage+Tint.m */; };
		31D4AAA11F7A21C500A0345C /* UIImageView+MTSwizzle.m in Sources */ = {isa = PBXBuildFile; fileRef = 319FB1FE1F79EA3800E0F05A /* UIImageView+MTSwizzle.m */; };
		31D4AAA21F7A21C500A0345C /* UILabel+MTKeyWord.m in Sources */ = {isa = PBXBuildFile; fileRef = 319FB2051F79EA3800E0F05A /* UILabel+MTKeyWord.m */; };
		31D4AAA31F7A21C500A0345C /* UILabel+MTLineSpace.m in Sources */ = {isa = PBXBuildFile; fileRef = 319FB1DC1F79EA3600E0F05A /* UILabel+MTLineSpace.m */; };
		31D4AAA41F7A21C500A0345C /* UIResponder+Router.m in Sources */ = {isa = PBXBuildFile; fileRef = 319FB1EF1F79EA3700E0F05A /* UIResponder+Router.m */; };
		31D4AAA51F7A21C500A0345C /* UIScrollView+MTScroll.m in Sources */ = {isa = PBXBuildFile; fileRef = 319FB17D1F79EA3300E0F05A /* UIScrollView+MTScroll.m */; };
		31D4AAA61F7A21C800A0345C /* UITableView+Category.m in Sources */ = {isa = PBXBuildFile; fileRef = 319FB20A1F79EA3900E0F05A /* UITableView+Category.m */; };
		31D4AAA71F7A21C800A0345C /* UITableView+MTCell.m in Sources */ = {isa = PBXBuildFile; fileRef = 319FB20B1F79EA3900E0F05A /* UITableView+MTCell.m */; };
		31D4AAA81F7A21C800A0345C /* NSString+Pinyin.m in Sources */ = {isa = PBXBuildFile; fileRef = 319FB20C1F79EA3900E0F05A /* NSString+Pinyin.m */; };
		31D4AAA91F7A21C800A0345C /* UITableView+NoMessage.m in Sources */ = {isa = PBXBuildFile; fileRef = 319FB20D1F79EA3900E0F05A /* UITableView+NoMessage.m */; };
		31D4AAAA1F7A21CB00A0345C /* UITextField+MTProperty.m in Sources */ = {isa = PBXBuildFile; fileRef = 319FB2111F79EA3900E0F05A /* UITextField+MTProperty.m */; };
		31D4AAAB1F7A21CB00A0345C /* UITextView+MTLineSpace.m in Sources */ = {isa = PBXBuildFile; fileRef = 319FB17E1F79EA3300E0F05A /* UITextView+MTLineSpace.m */; };
		31D4AAAC1F7A21CB00A0345C /* UITextView+MTProperty.m in Sources */ = {isa = PBXBuildFile; fileRef = 319FB1F01F79EA3700E0F05A /* UITextView+MTProperty.m */; };
		31D4AAAD1F7A21CB00A0345C /* UIView+AttributedString.m in Sources */ = {isa = PBXBuildFile; fileRef = 319FB1981F79EA3400E0F05A /* UIView+AttributedString.m */; };
		31D4AAAE1F7A21CB00A0345C /* UIView+ComboBoxExtension.m in Sources */ = {isa = PBXBuildFile; fileRef = 319FB19F1F79EA3500E0F05A /* UIView+ComboBoxExtension.m */; };
		31D4AAAF1F7A21CB00A0345C /* UIView+Extension.m in Sources */ = {isa = PBXBuildFile; fileRef = 319FB2221F79EA3A00E0F05A /* UIView+Extension.m */; };
		31D4AAB01F7A21CB00A0345C /* UIView+Frame.m in Sources */ = {isa = PBXBuildFile; fileRef = 319FB1E21F79EA3600E0F05A /* UIView+Frame.m */; };
		31D4AAB11F7A21CB00A0345C /* UIView+MTExtension.m in Sources */ = {isa = PBXBuildFile; fileRef = 319FB1931F79EA3400E0F05A /* UIView+MTExtension.m */; };
		31D4AAB21F7A21CB00A0345C /* UIView+MTPermission.m in Sources */ = {isa = PBXBuildFile; fileRef = 319FB1DF1F79EA3600E0F05A /* UIView+MTPermission.m */; };
		31D4AAB31F7A21CB00A0345C /* UIView+MTProperty.m in Sources */ = {isa = PBXBuildFile; fileRef = 319FB1F11F79EA3700E0F05A /* UIView+MTProperty.m */; };
		31D4AAB41F7A21CB00A0345C /* UIView+MTSwizzle.m in Sources */ = {isa = PBXBuildFile; fileRef = 319FB2141F79EA3900E0F05A /* UIView+MTSwizzle.m */; };
		31D4AAB61F7A21CB00A0345C /* WYWebController.m in Sources */ = {isa = PBXBuildFile; fileRef = 319FB1901F79EA3400E0F05A /* WYWebController.m */; };
		31D4AAB71F7A21CB00A0345C /* WYWebProgressLayer.m in Sources */ = {isa = PBXBuildFile; fileRef = 319FB1951F79EA3400E0F05A /* WYWebProgressLayer.m */; };
		31D4AAC01F7A23AE00A0345C /* UIColor+Hexcolor.m in Sources */ = {isa = PBXBuildFile; fileRef = 31D4AABF1F7A23AE00A0345C /* UIColor+Hexcolor.m */; };
		31D4AAC51F7A28A500A0345C /* MTTableViewIndexView.m in Sources */ = {isa = PBXBuildFile; fileRef = 31D4AAC41F7A28A500A0345C /* MTTableViewIndexView.m */; };
		6D14EBE91F78C7B40082B01B /* Main.storyboard in Resources */ = {isa = PBXBuildFile; fileRef = 6D14EBE71F78C7B40082B01B /* Main.storyboard */; };
		6D14EBEC1F78C7B40082B01B /* MTKIT.xcdatamodeld in Sources */ = {isa = PBXBuildFile; fileRef = 6D14EBEA1F78C7B40082B01B /* MTKIT.xcdatamodeld */; };
		6D14EBEE1F78C7B40082B01B /* Assets.xcassets in Resources */ = {isa = PBXBuildFile; fileRef = 6D14EBED1F78C7B40082B01B /* Assets.xcassets */; };
		6D14EBF11F78C7B40082B01B /* LaunchScreen.storyboard in Resources */ = {isa = PBXBuildFile; fileRef = 6D14EBEF1F78C7B40082B01B /* LaunchScreen.storyboard */; };
		6D14EBF41F78C7B40082B01B /* main.m in Sources */ = {isa = PBXBuildFile; fileRef = 6D14EBF31F78C7B40082B01B /* main.m */; };
		6D14EBFE1F78C7B40082B01B /* MTKITTests.m in Sources */ = {isa = PBXBuildFile; fileRef = 6D14EBFD1F78C7B40082B01B /* MTKITTests.m */; };
		6D14EC091F78C7B40082B01B /* MTKITUITests.m in Sources */ = {isa = PBXBuildFile; fileRef = 6D14EC081F78C7B40082B01B /* MTKITUITests.m */; };
		6D14EC1D1F78C86F0082B01B /* AppDelegate.m in Sources */ = {isa = PBXBuildFile; fileRef = 6D14EC1A1F78C86F0082B01B /* AppDelegate.m */; };
		6D14EC1E1F78C86F0082B01B /* ViewController.m in Sources */ = {isa = PBXBuildFile; fileRef = 6D14EC1C1F78C86F0082B01B /* ViewController.m */; };
		A3E71EDB7CE1F0F0B6F2A078 /* libPods-MTKITTests.a in Frameworks */ = {isa = PBXBuildFile; fileRef = 2A1D298CED59ECE2FC9E9685 /* libPods-MTKITTests.a */; };
		C8A1E676A2AAFA027A54461C /* libPods-MTKIT.a in Frameworks */ = {isa = PBXBuildFile; fileRef = 33ECD457FA951B3DD1C477FA /* libPods-MTKIT.a */; };
		CDBAF675588DD8BBB4E0DDED /* libPods-MTKITUITests.a in Frameworks */ = {isa = PBXBuildFile; fileRef = F75DF3F559FB46626F8BE132 /* libPods-MTKITUITests.a */; };
/* End PBXBuildFile section */

/* Begin PBXContainerItemProxy section */
		6D14EBFA1F78C7B40082B01B /* PBXContainerItemProxy */ = {
			isa = PBXContainerItemProxy;
			containerPortal = 6D14EBD61F78C7B40082B01B /* Project object */;
			proxyType = 1;
			remoteGlobalIDString = 6D14EBDD1F78C7B40082B01B;
			remoteInfo = MTKIT;
		};
		6D14EC051F78C7B40082B01B /* PBXContainerItemProxy */ = {
			isa = PBXContainerItemProxy;
			containerPortal = 6D14EBD61F78C7B40082B01B /* Project object */;
			proxyType = 1;
			remoteGlobalIDString = 6D14EBDD1F78C7B40082B01B;
			remoteInfo = MTKIT;
		};
/* End PBXContainerItemProxy section */

/* Begin PBXFileReference section */
		03B7F767DDCA585531CD113F /* Pods-MTKIT.debug.xcconfig */ = {isa = PBXFileReference; includeInIndex = 1; lastKnownFileType = text.xcconfig; name = "Pods-MTKIT.debug.xcconfig"; path = "Pods/Target Support Files/Pods-MTKIT/Pods-MTKIT.debug.xcconfig"; sourceTree = "<group>"; };
		26D76ABE610BF7497037B944 /* Pods-MTKITUITests.debug.xcconfig */ = {isa = PBXFileReference; includeInIndex = 1; lastKnownFileType = text.xcconfig; name = "Pods-MTKITUITests.debug.xcconfig"; path = "Pods/Target Support Files/Pods-MTKITUITests/Pods-MTKITUITests.debug.xcconfig"; sourceTree = "<group>"; };
		2A1D298CED59ECE2FC9E9685 /* libPods-MTKITTests.a */ = {isa = PBXFileReference; explicitFileType = archive.ar; includeInIndex = 0; path = "libPods-MTKITTests.a"; sourceTree = BUILT_PRODUCTS_DIR; };
		319FB17A1F79EA3200E0F05A /* UIView+MTPermission.h */ = {isa = PBXFileReference; lastKnownFileType = sourcecode.c.h; path = "UIView+MTPermission.h"; sourceTree = "<group>"; };
		319FB17B1F79EA3300E0F05A /* NSString+Hash.h */ = {isa = PBXFileReference; lastKnownFileType = sourcecode.c.h; path = "NSString+Hash.h"; sourceTree = "<group>"; };
		319FB17C1F79EA3300E0F05A /* UIControl+MTSwizzle.h */ = {isa = PBXFileReference; lastKnownFileType = sourcecode.c.h; path = "UIControl+MTSwizzle.h"; sourceTree = "<group>"; };
		319FB17D1F79EA3300E0F05A /* UIScrollView+MTScroll.m */ = {isa = PBXFileReference; lastKnownFileType = sourcecode.c.objc; path = "UIScrollView+MTScroll.m"; sourceTree = "<group>"; };
		319FB17E1F79EA3300E0F05A /* UITextView+MTLineSpace.m */ = {isa = PBXFileReference; lastKnownFileType = sourcecode.c.objc; path = "UITextView+MTLineSpace.m"; sourceTree = "<group>"; };
		319FB17F1F79EA3300E0F05A /* NSString+MTRandom.m */ = {isa = PBXFileReference; lastKnownFileType = sourcecode.c.objc; path = "NSString+MTRandom.m"; sourceTree = "<group>"; };
		319FB1801F79EA3300E0F05A /* UIView+MTProperty.h */ = {isa = PBXFileReference; lastKnownFileType = sourcecode.c.h; path = "UIView+MTProperty.h"; sourceTree = "<group>"; };
		319FB1811F79EA3300E0F05A /* WYWebController.h */ = {isa = PBXFileReference; lastKnownFileType = sourcecode.c.h; path = WYWebController.h; sourceTree = "<group>"; };
		319FB1821F79EA3300E0F05A /* UIImage+Extension.m */ = {isa = PBXFileReference; lastKnownFileType = sourcecode.c.objc; path = "UIImage+Extension.m"; sourceTree = "<group>"; };
		319FB1831F79EA3300E0F05A /* UIButton+SwizzleMT.m */ = {isa = PBXFileReference; lastKnownFileType = sourcecode.c.objc; path = "UIButton+SwizzleMT.m"; sourceTree = "<group>"; };
		319FB1841F79EA3300E0F05A /* UIControl+MTSwizzle.m */ = {isa = PBXFileReference; lastKnownFileType = sourcecode.c.objc; path = "UIControl+MTSwizzle.m"; sourceTree = "<group>"; };
		319FB1851F79EA3300E0F05A /* NSDictionary+MTProperty.m */ = {isa = PBXFileReference; lastKnownFileType = sourcecode.c.objc; path = "NSDictionary+MTProperty.m"; sourceTree = "<group>"; };
		319FB1861F79EA3300E0F05A /* NSDate+Category.m */ = {isa = PBXFileReference; lastKnownFileType = sourcecode.c.objc; path = "NSDate+Category.m"; sourceTree = "<group>"; };
		319FB1871F79EA3300E0F05A /* NSArray+Log.m */ = {isa = PBXFileReference; lastKnownFileType = sourcecode.c.objc; path = "NSArray+Log.m"; sourceTree = "<group>"; };
		319FB1881F79EA3300E0F05A /* NSString+Path.m */ = {isa = PBXFileReference; lastKnownFileType = sourcecode.c.objc; path = "NSString+Path.m"; sourceTree = "<group>"; };
		319FB1891F79EA3300E0F05A /* NSObject+ClassMatch.m */ = {isa = PBXFileReference; lastKnownFileType = sourcecode.c.objc; path = "NSObject+ClassMatch.m"; sourceTree = "<group>"; };
		319FB18A1F79EA3300E0F05A /* NSNull+MT.m */ = {isa = PBXFileReference; lastKnownFileType = sourcecode.c.objc; path = "NSNull+MT.m"; sourceTree = "<group>"; };
		319FB18B1F79EA3300E0F05A /* PHAsset+MT.h */ = {isa = PBXFileReference; lastKnownFileType = sourcecode.c.h; path = "PHAsset+MT.h"; sourceTree = "<group>"; };
		319FB18C1F79EA3300E0F05A /* NSMutableDictionary+MTMDictionary.h */ = {isa = PBXFileReference; lastKnownFileType = sourcecode.c.h; path = "NSMutableDictionary+MTMDictionary.h"; sourceTree = "<group>"; };
		319FB18D1F79EA3300E0F05A /* NSString+MTDateFormat.h */ = {isa = PBXFileReference; lastKnownFileType = sourcecode.c.h; path = "NSString+MTDateFormat.h"; sourceTree = "<group>"; };
		319FB18E1F79EA3300E0F05A /* NSDate+Extension.h */ = {isa = PBXFileReference; lastKnownFileType = sourcecode.c.h; path = "NSDate+Extension.h"; sourceTree = "<group>"; };
		319FB18F1F79EA3300E0F05A /* NSString+MTRoSpace.h */ = {isa = PBXFileReference; lastKnownFileType = sourcecode.c.h; path = "NSString+MTRoSpace.h"; sourceTree = "<group>"; };
		319FB1901F79EA3400E0F05A /* WYWebController.m */ = {isa = PBXFileReference; lastKnownFileType = sourcecode.c.objc; path = WYWebController.m; sourceTree = "<group>"; };
		319FB1911F79EA3400E0F05A /* NSNull+MT.h */ = {isa = PBXFileReference; lastKnownFileType = sourcecode.c.h; path = "NSNull+MT.h"; sourceTree = "<group>"; };
		319FB1921F79EA3400E0F05A /* NSObject+MTDBProperty.m */ = {isa = PBXFileReference; lastKnownFileType = sourcecode.c.objc; path = "NSObject+MTDBProperty.m"; sourceTree = "<group>"; };
		319FB1931F79EA3400E0F05A /* UIView+MTExtension.m */ = {isa = PBXFileReference; lastKnownFileType = sourcecode.c.objc; path = "UIView+MTExtension.m"; sourceTree = "<group>"; };
		319FB1941F79EA3400E0F05A /* NSDictionary+MTDecription.h */ = {isa = PBXFileReference; lastKnownFileType = sourcecode.c.h; path = "NSDictionary+MTDecription.h"; sourceTree = "<group>"; };
		319FB1951F79EA3400E0F05A /* WYWebProgressLayer.m */ = {isa = PBXFileReference; lastKnownFileType = sourcecode.c.objc; path = WYWebProgressLayer.m; sourceTree = "<group>"; };
		319FB1961F79EA3400E0F05A /* NSTimer+addition.h */ = {isa = PBXFileReference; lastKnownFileType = sourcecode.c.h; path = "NSTimer+addition.h"; sourceTree = "<group>"; };
		319FB1971F79EA3400E0F05A /* UILabel+MTKeyWord.h */ = {isa = PBXFileReference; lastKnownFileType = sourcecode.c.h; path = "UILabel+MTKeyWord.h"; sourceTree = "<group>"; };
		319FB1981F79EA3400E0F05A /* UIView+AttributedString.m */ = {isa = PBXFileReference; lastKnownFileType = sourcecode.c.objc; path = "UIView+AttributedString.m"; sourceTree = "<group>"; };
		319FB1991F79EA3400E0F05A /* NSString+Avatar.m */ = {isa = PBXFileReference; lastKnownFileType = sourcecode.c.objc; path = "NSString+Avatar.m"; sourceTree = "<group>"; };
		319FB19A1F79EA3400E0F05A /* NSMutableDictionary+MTMDictionary.m */ = {isa = PBXFileReference; lastKnownFileType = sourcecode.c.objc; path = "NSMutableDictionary+MTMDictionary.m"; sourceTree = "<group>"; };
		319FB19B1F79EA3400E0F05A /* NSObject+MTDBProperty.h */ = {isa = PBXFileReference; lastKnownFileType = sourcecode.c.h; path = "NSObject+MTDBProperty.h"; sourceTree = "<group>"; };
		319FB19C1F79EA3400E0F05A /* UIImage+Tint.m */ = {isa = PBXFileReference; lastKnownFileType = sourcecode.c.objc; path = "UIImage+Tint.m"; sourceTree = "<group>"; };
		319FB19D1F79EA3400E0F05A /* UIScrollView+MTScroll.h */ = {isa = PBXFileReference; lastKnownFileType = sourcecode.c.h; path = "UIScrollView+MTScroll.h"; sourceTree = "<group>"; };
		319FB19E1F79EA3500E0F05A /* UIControl+MTCheckClick.m */ = {isa = PBXFileReference; lastKnownFileType = sourcecode.c.objc; path = "UIControl+MTCheckClick.m"; sourceTree = "<group>"; };
		319FB19F1F79EA3500E0F05A /* UIView+ComboBoxExtension.m */ = {isa = PBXFileReference; lastKnownFileType = sourcecode.c.objc; path = "UIView+ComboBoxExtension.m"; sourceTree = "<group>"; };
		319FB1A11F79EA3500E0F05A /* NSDictionary+MTDecription.m */ = {isa = PBXFileReference; lastKnownFileType = sourcecode.c.objc; path = "NSDictionary+MTDecription.m"; sourceTree = "<group>"; };
		319FB1A21F79EA3500E0F05A /* NSTimer+MTAddition.m */ = {isa = PBXFileReference; lastKnownFileType = sourcecode.c.objc; path = "NSTimer+MTAddition.m"; sourceTree = "<group>"; };
		319FB1A31F79EA3500E0F05A /* UIBarButtonItem+Extension.h */ = {isa = PBXFileReference; lastKnownFileType = sourcecode.c.h; path = "UIBarButtonItem+Extension.h"; sourceTree = "<group>"; };
		319FB1A41F79EA3500E0F05A /* UIButton+MTAddition.m */ = {isa = PBXFileReference; lastKnownFileType = sourcecode.c.objc; path = "UIButton+MTAddition.m"; sourceTree = "<group>"; };
		319FB1A51F79EA3500E0F05A /* UIImage+MTDimensionalCode.h */ = {isa = PBXFileReference; lastKnownFileType = sourcecode.c.h; path = "UIImage+MTDimensionalCode.h"; sourceTree = "<group>"; };
		319FB1A81F79EA3500E0F05A /* NSObject+Swizzle.m */ = {isa = PBXFileReference; lastKnownFileType = sourcecode.c.objc; path = "NSObject+Swizzle.m"; sourceTree = "<group>"; };
		319FB1A91F79EA3500E0F05A /* SafeKitCore.h */ = {isa = PBXFileReference; lastKnownFileType = sourcecode.c.h; path = SafeKitCore.h; sourceTree = "<group>"; };
		319FB1AA1F79EA3500E0F05A /* NSObject+Swizzle.h */ = {isa = PBXFileReference; lastKnownFileType = sourcecode.c.h; path = "NSObject+Swizzle.h"; sourceTree = "<group>"; };
		319FB1AB1F79EA3500E0F05A /* SafeKitMacro.h */ = {isa = PBXFileReference; lastKnownFileType = sourcecode.c.h; path = SafeKitMacro.h; sourceTree = "<group>"; };
		319FB1AD1F79EA3500E0F05A /* NSMutableArray+SafeKitMRC.m */ = {isa = PBXFileReference; lastKnownFileType = sourcecode.c.objc; path = "NSMutableArray+SafeKitMRC.m"; sourceTree = "<group>"; };
		319FB1AE1F79EA3500E0F05A /* NSMutableArray+SafeKitMRC.h */ = {isa = PBXFileReference; lastKnownFileType = sourcecode.c.h; path = "NSMutableArray+SafeKitMRC.h"; sourceTree = "<group>"; };
		319FB1B01F79EA3500E0F05A /* NSMutableArray+SafeKit.h */ = {isa = PBXFileReference; lastKnownFileType = sourcecode.c.h; path = "NSMutableArray+SafeKit.h"; sourceTree = "<group>"; };
		319FB1B11F79EA3500E0F05A /* NSDictionary+SafeKit.h */ = {isa = PBXFileReference; lastKnownFileType = sourcecode.c.h; path = "NSDictionary+SafeKit.h"; sourceTree = "<group>"; };
		319FB1B21F79EA3500E0F05A /* NSArray+SafeKit.m */ = {isa = PBXFileReference; lastKnownFileType = sourcecode.c.objc; path = "NSArray+SafeKit.m"; sourceTree = "<group>"; };
		319FB1B31F79EA3500E0F05A /* NSMutableString+SafeKit.h */ = {isa = PBXFileReference; lastKnownFileType = sourcecode.c.h; path = "NSMutableString+SafeKit.h"; sourceTree = "<group>"; };
		319FB1B41F79EA3500E0F05A /* NSNumber+SafeKit.m */ = {isa = PBXFileReference; lastKnownFileType = sourcecode.c.objc; path = "NSNumber+SafeKit.m"; sourceTree = "<group>"; };
		319FB1B51F79EA3500E0F05A /* NSMutableDictionary+SafeKit.m */ = {isa = PBXFileReference; lastKnownFileType = sourcecode.c.objc; path = "NSMutableDictionary+SafeKit.m"; sourceTree = "<group>"; };
		319FB1B61F79EA3500E0F05A /* NSString+SafeKit.m */ = {isa = PBXFileReference; lastKnownFileType = sourcecode.c.objc; path = "NSString+SafeKit.m"; sourceTree = "<group>"; };
		319FB1B71F79EA3500E0F05A /* NSDictionary+SafeKit.m */ = {isa = PBXFileReference; lastKnownFileType = sourcecode.c.objc; path = "NSDictionary+SafeKit.m"; sourceTree = "<group>"; };
		319FB1B81F79EA3500E0F05A /* NSMutableArray+SafeKit.m */ = {isa = PBXFileReference; lastKnownFileType = sourcecode.c.objc; path = "NSMutableArray+SafeKit.m"; sourceTree = "<group>"; };
		319FB1B91F79EA3500E0F05A /* NSMutableString+SafeKit.m */ = {isa = PBXFileReference; lastKnownFileType = sourcecode.c.objc; path = "NSMutableString+SafeKit.m"; sourceTree = "<group>"; };
		319FB1BA1F79EA3500E0F05A /* NSArray+SafeKit.h */ = {isa = PBXFileReference; lastKnownFileType = sourcecode.c.h; path = "NSArray+SafeKit.h"; sourceTree = "<group>"; };
		319FB1BB1F79EA3500E0F05A /* Foundation+SafeKit.h */ = {isa = PBXFileReference; lastKnownFileType = sourcecode.c.h; path = "Foundation+SafeKit.h"; sourceTree = "<group>"; };
		319FB1BC1F79EA3500E0F05A /* NSNumber+SafeKit.h */ = {isa = PBXFileReference; lastKnownFileType = sourcecode.c.h; path = "NSNumber+SafeKit.h"; sourceTree = "<group>"; };
		319FB1BD1F79EA3500E0F05A /* NSString+SafeKit.h */ = {isa = PBXFileReference; lastKnownFileType = sourcecode.c.h; path = "NSString+SafeKit.h"; sourceTree = "<group>"; };
		319FB1BE1F79EA3500E0F05A /* NSMutableDictionary+SafeKit.h */ = {isa = PBXFileReference; lastKnownFileType = sourcecode.c.h; path = "NSMutableDictionary+SafeKit.h"; sourceTree = "<group>"; };
		319FB1C01F79EA3500E0F05A /* VSScrollView.m */ = {isa = PBXFileReference; lastKnownFileType = sourcecode.c.objc; path = VSScrollView.m; sourceTree = "<group>"; };
		319FB1C11F79EA3500E0F05A /* VSTimer.m */ = {isa = PBXFileReference; lastKnownFileType = sourcecode.c.objc; path = VSTimer.m; sourceTree = "<group>"; };
		319FB1C21F79EA3500E0F05A /* VSDependencyObject.m */ = {isa = PBXFileReference; lastKnownFileType = sourcecode.c.objc; path = VSDependencyObject.m; sourceTree = "<group>"; };
		319FB1C31F79EA3500E0F05A /* VSMethodHander.m */ = {isa = PBXFileReference; lastKnownFileType = sourcecode.c.objc; path = VSMethodHander.m; sourceTree = "<group>"; };
		319FB1C41F79EA3500E0F05A /* NSObject+VSDependencyManager.h */ = {isa = PBXFileReference; lastKnownFileType = sourcecode.c.h; path = "NSObject+VSDependencyManager.h"; sourceTree = "<group>"; };
		319FB1C51F79EA3500E0F05A /* VSPickerView.m */ = {isa = PBXFileReference; lastKnownFileType = sourcecode.c.objc; path = VSPickerView.m; sourceTree = "<group>"; };
		319FB1C61F79EA3500E0F05A /* UIView+VSDependencyManager.h */ = {isa = PBXFileReference; lastKnownFileType = sourcecode.c.h; path = "UIView+VSDependencyManager.h"; sourceTree = "<group>"; };
		319FB1C71F79EA3500E0F05A /* VSDependencyManager.m */ = {isa = PBXFileReference; lastKnownFileType = sourcecode.c.objc; path = VSDependencyManager.m; sourceTree = "<group>"; };
		319FB1C81F79EA3500E0F05A /* VSTableView.h */ = {isa = PBXFileReference; lastKnownFileType = sourcecode.c.h; path = VSTableView.h; sourceTree = "<group>"; };
		319FB1C91F79EA3500E0F05A /* UIGestureRecognizer+VSDependencyManager.m */ = {isa = PBXFileReference; lastKnownFileType = sourcecode.c.objc; path = "UIGestureRecognizer+VSDependencyManager.m"; sourceTree = "<group>"; };
		319FB1CA1F79EA3500E0F05A /* UIControl+VSDependencyManager.h */ = {isa = PBXFileReference; lastKnownFileType = sourcecode.c.h; path = "UIControl+VSDependencyManager.h"; sourceTree = "<group>"; };
		319FB1CB1F79EA3500E0F05A /* UIViewController+VSDependencyManager.h */ = {isa = PBXFileReference; lastKnownFileType = sourcecode.c.h; path = "UIViewController+VSDependencyManager.h"; sourceTree = "<group>"; };
		319FB1CC1F79EA3500E0F05A /* VSDependencyObject.h */ = {isa = PBXFileReference; lastKnownFileType = sourcecode.c.h; path = VSDependencyObject.h; sourceTree = "<group>"; };
		319FB1CD1F79EA3500E0F05A /* VSTimer.h */ = {isa = PBXFileReference; lastKnownFileType = sourcecode.c.h; path = VSTimer.h; sourceTree = "<group>"; };
		319FB1CE1F79EA3500E0F05A /* VSScrollView.h */ = {isa = PBXFileReference; lastKnownFileType = sourcecode.c.h; path = VSScrollView.h; sourceTree = "<group>"; };
		319FB1CF1F79EA3500E0F05A /* VSPickerView.h */ = {isa = PBXFileReference; lastKnownFileType = sourcecode.c.h; path = VSPickerView.h; sourceTree = "<group>"; };
		319FB1D01F79EA3500E0F05A /* VSDependencyCommon.h */ = {isa = PBXFileReference; lastKnownFileType = sourcecode.c.h; path = VSDependencyCommon.h; sourceTree = "<group>"; };
		319FB1D11F79EA3500E0F05A /* NSObject+VSDependencyManager.m */ = {isa = PBXFileReference; lastKnownFileType = sourcecode.c.objc; path = "NSObject+VSDependencyManager.m"; sourceTree = "<group>"; };
		319FB1D21F79EA3500E0F05A /* VSMethodHander.h */ = {isa = PBXFileReference; lastKnownFileType = sourcecode.c.h; path = VSMethodHander.h; sourceTree = "<group>"; };
		319FB1D31F79EA3500E0F05A /* VSTableView.m */ = {isa = PBXFileReference; lastKnownFileType = sourcecode.c.objc; path = VSTableView.m; sourceTree = "<group>"; };
		319FB1D41F79EA3500E0F05A /* VSDependencyManager.h */ = {isa = PBXFileReference; lastKnownFileType = sourcecode.c.h; path = VSDependencyManager.h; sourceTree = "<group>"; };
		319FB1D51F79EA3500E0F05A /* UIView+VSDependencyManager.m */ = {isa = PBXFileReference; lastKnownFileType = sourcecode.c.objc; path = "UIView+VSDependencyManager.m"; sourceTree = "<group>"; };
		319FB1D61F79EA3500E0F05A /* UIViewController+VSDependencyManager.m */ = {isa = PBXFileReference; lastKnownFileType = sourcecode.c.objc; path = "UIViewController+VSDependencyManager.m"; sourceTree = "<group>"; };
		319FB1D71F79EA3500E0F05A /* UIGestureRecognizer+VSDependencyManager.h */ = {isa = PBXFileReference; lastKnownFileType = sourcecode.c.h; path = "UIGestureRecognizer+VSDependencyManager.h"; sourceTree = "<group>"; };
		319FB1D81F79EA3500E0F05A /* UIControl+VSDependencyManager.m */ = {isa = PBXFileReference; lastKnownFileType = sourcecode.c.objc; path = "UIControl+VSDependencyManager.m"; sourceTree = "<group>"; };
		319FB1D91F79EA3500E0F05A /* SafeKit.h */ = {isa = PBXFileReference; lastKnownFileType = sourcecode.c.h; path = SafeKit.h; sourceTree = "<group>"; };
		319FB1DA1F79EA3500E0F05A /* UIImage+MTExtension.m */ = {isa = PBXFileReference; lastKnownFileType = sourcecode.c.objc; path = "UIImage+MTExtension.m"; sourceTree = "<group>"; };
		319FB1DB1F79EA3500E0F05A /* NSDictionary+SHLog.m */ = {isa = PBXFileReference; lastKnownFileType = sourcecode.c.objc; path = "NSDictionary+SHLog.m"; sourceTree = "<group>"; };
		319FB1DC1F79EA3600E0F05A /* UILabel+MTLineSpace.m */ = {isa = PBXFileReference; lastKnownFileType = sourcecode.c.objc; path = "UILabel+MTLineSpace.m"; sourceTree = "<group>"; };
		319FB1DD1F79EA3600E0F05A /* UIResponder+Router.h */ = {isa = PBXFileReference; lastKnownFileType = sourcecode.c.h; path = "UIResponder+Router.h"; sourceTree = "<group>"; };
		319FB1DE1F79EA3600E0F05A /* UIView+Frame.h */ = {isa = PBXFileReference; lastKnownFileType = sourcecode.c.h; path = "UIView+Frame.h"; sourceTree = "<group>"; };
		319FB1DF1F79EA3600E0F05A /* UIView+MTPermission.m */ = {isa = PBXFileReference; lastKnownFileType = sourcecode.c.objc; path = "UIView+MTPermission.m"; sourceTree = "<group>"; };
		319FB1E01F79EA3600E0F05A /* UIView+MTSwizzle.h */ = {isa = PBXFileReference; lastKnownFileType = sourcecode.c.h; path = "UIView+MTSwizzle.h"; sourceTree = "<group>"; };
		319FB1E11F79EA3600E0F05A /* NSTimer+addition.m */ = {isa = PBXFileReference; lastKnownFileType = sourcecode.c.objc; path = "NSTimer+addition.m"; sourceTree = "<group>"; };
		319FB1E21F79EA3600E0F05A /* UIView+Frame.m */ = {isa = PBXFileReference; lastKnownFileType = sourcecode.c.objc; path = "UIView+Frame.m"; sourceTree = "<group>"; };
		319FB1E31F79EA3600E0F05A /* NSString+MTRandom.h */ = {isa = PBXFileReference; lastKnownFileType = sourcecode.c.h; path = "NSString+MTRandom.h"; sourceTree = "<group>"; };
		319FB1E41F79EA3600E0F05A /* NSString+Emoji.h */ = {isa = PBXFileReference; lastKnownFileType = sourcecode.c.h; path = "NSString+Emoji.h"; sourceTree = "<group>"; };
		319FB1E51F79EA3600E0F05A /* NSDate+Time.m */ = {isa = PBXFileReference; lastKnownFileType = sourcecode.c.objc; path = "NSDate+Time.m"; sourceTree = "<group>"; };
		319FB1E61F79EA3600E0F05A /* NSDictionary+SHLog.h */ = {isa = PBXFileReference; lastKnownFileType = sourcecode.c.h; path = "NSDictionary+SHLog.h"; sourceTree = "<group>"; };
		319FB1E71F79EA3600E0F05A /* UIButton+SwizzleMT.h */ = {isa = PBXFileReference; lastKnownFileType = sourcecode.c.h; path = "UIButton+SwizzleMT.h"; sourceTree = "<group>"; };
		319FB1E81F79EA3600E0F05A /* NSDateFormatter+Category.m */ = {isa = PBXFileReference; lastKnownFileType = sourcecode.c.objc; path = "NSDateFormatter+Category.m"; sourceTree = "<group>"; };
		319FB1E91F79EA3700E0F05A /* UIImageView+MTSwizzle.h */ = {isa = PBXFileReference; lastKnownFileType = sourcecode.c.h; path = "UIImageView+MTSwizzle.h"; sourceTree = "<group>"; };
		319FB1EA1F79EA3700E0F05A /* NSString+Avatar.h */ = {isa = PBXFileReference; lastKnownFileType = sourcecode.c.h; path = "NSString+Avatar.h"; sourceTree = "<group>"; };
		319FB1EB1F79EA3700E0F05A /* UIView+AttributedString.h */ = {isa = PBXFileReference; lastKnownFileType = sourcecode.c.h; path = "UIView+AttributedString.h"; sourceTree = "<group>"; };
		319FB1EC1F79EA3700E0F05A /* UIColor+ComboBoxExtension.h */ = {isa = PBXFileReference; lastKnownFileType = sourcecode.c.h; path = "UIColor+ComboBoxExtension.h"; sourceTree = "<group>"; };
		319FB1ED1F79EA3700E0F05A /* UIView+MTExtension.h */ = {isa = PBXFileReference; lastKnownFileType = sourcecode.c.h; path = "UIView+MTExtension.h"; sourceTree = "<group>"; };
		319FB1EE1F79EA3700E0F05A /* UIImage+EXT.h */ = {isa = PBXFileReference; lastKnownFileType = sourcecode.c.h; path = "UIImage+EXT.h"; sourceTree = "<group>"; };
		319FB1EF1F79EA3700E0F05A /* UIResponder+Router.m */ = {isa = PBXFileReference; lastKnownFileType = sourcecode.c.objc; path = "UIResponder+Router.m"; sourceTree = "<group>"; };
		319FB1F01F79EA3700E0F05A /* UITextView+MTProperty.m */ = {isa = PBXFileReference; lastKnownFileType = sourcecode.c.objc; path = "UITextView+MTProperty.m"; sourceTree = "<group>"; };
		319FB1F11F79EA3700E0F05A /* UIView+MTProperty.m */ = {isa = PBXFileReference; lastKnownFileType = sourcecode.c.objc; path = "UIView+MTProperty.m"; sourceTree = "<group>"; };
		319FB1F21F79EA3700E0F05A /* NSDate+Extension.m */ = {isa = PBXFileReference; lastKnownFileType = sourcecode.c.objc; path = "NSDate+Extension.m"; sourceTree = "<group>"; };
		319FB1F31F79EA3700E0F05A /* UITextView+MTLineSpace.h */ = {isa = PBXFileReference; lastKnownFileType = sourcecode.c.h; path = "UITextView+MTLineSpace.h"; sourceTree = "<group>"; };
		319FB1F41F79EA3700E0F05A /* NSDateFormatter+Category.h */ = {isa = PBXFileReference; lastKnownFileType = sourcecode.c.h; path = "NSDateFormatter+Category.h"; sourceTree = "<group>"; };
		319FB1F51F79EA3700E0F05A /* NSObject+ClassMatch.h */ = {isa = PBXFileReference; lastKnownFileType = sourcecode.c.h; path = "NSObject+ClassMatch.h"; sourceTree = "<group>"; };
		319FB1F71F79EA3800E0F05A /* UIView+Extension.h */ = {isa = PBXFileReference; lastKnownFileType = sourcecode.c.h; path = "UIView+Extension.h"; sourceTree = "<group>"; };
		319FB1F81F79EA3800E0F05A /* NSDate+Time.h */ = {isa = PBXFileReference; lastKnownFileType = sourcecode.c.h; path = "NSDate+Time.h"; sourceTree = "<group>"; };
		319FB1F91F79EA3800E0F05A /* UILabel+MTLineSpace.h */ = {isa = PBXFileReference; lastKnownFileType = sourcecode.c.h; path = "UILabel+MTLineSpace.h"; sourceTree = "<group>"; };
		319FB1FA1F79EA3800E0F05A /* UITextField+MTProperty.h */ = {isa = PBXFileReference; lastKnownFileType = sourcecode.c.h; path = "UITextField+MTProperty.h"; sourceTree = "<group>"; };
		319FB1FB1F79EA3800E0F05A /* NSArray+Log.h */ = {isa = PBXFileReference; lastKnownFileType = sourcecode.c.h; path = "NSArray+Log.h"; sourceTree = "<group>"; };
		319FB1FC1F79EA3800E0F05A /* UIColor+KNColor.h */ = {isa = PBXFileReference; lastKnownFileType = sourcecode.c.h; path = "UIColor+KNColor.h"; sourceTree = "<group>"; };
		319FB1FD1F79EA3800E0F05A /* NSDictionary+MTProperty.h */ = {isa = PBXFileReference; lastKnownFileType = sourcecode.c.h; path = "NSDictionary+MTProperty.h"; sourceTree = "<group>"; };
		319FB1FE1F79EA3800E0F05A /* UIImageView+MTSwizzle.m */ = {isa = PBXFileReference; lastKnownFileType = sourcecode.c.objc; path = "UIImageView+MTSwizzle.m"; sourceTree = "<group>"; };
		319FB1FF1F79EA3800E0F05A /* UIImage+MTExtension.h */ = {isa = PBXFileReference; lastKnownFileType = sourcecode.c.h; path = "UIImage+MTExtension.h"; sourceTree = "<group>"; };
		319FB2001F79EA3800E0F05A /* WYWebProgressLayer.h */ = {isa = PBXFileReference; lastKnownFileType = sourcecode.c.h; path = WYWebProgressLayer.h; sourceTree = "<group>"; };
		319FB2011F79EA3800E0F05A /* UITextView+MTProperty.h */ = {isa = PBXFileReference; lastKnownFileType = sourcecode.c.h; path = "UITextView+MTProperty.h"; sourceTree = "<group>"; };
		319FB2021F79EA3800E0F05A /* NSIndexPath+TableView.m */ = {isa = PBXFileReference; lastKnownFileType = sourcecode.c.objc; path = "NSIndexPath+TableView.m"; sourceTree = "<group>"; };
		319FB2031F79EA3800E0F05A /* NSString+MTStringHandle.m */ = {isa = PBXFileReference; lastKnownFileType = sourcecode.c.objc; path = "NSString+MTStringHandle.m"; sourceTree = "<group>"; };
		319FB2041F79EA3800E0F05A /* NSString+HTML.m */ = {isa = PBXFileReference; lastKnownFileType = sourcecode.c.objc; path = "NSString+HTML.m"; sourceTree = "<group>"; };
		319FB2051F79EA3800E0F05A /* UILabel+MTKeyWord.m */ = {isa = PBXFileReference; lastKnownFileType = sourcecode.c.objc; path = "UILabel+MTKeyWord.m"; sourceTree = "<group>"; };
		319FB2061F79EA3900E0F05A /* NSString+Hash.m */ = {isa = PBXFileReference; lastKnownFileType = sourcecode.c.objc; path = "NSString+Hash.m"; sourceTree = "<group>"; };
		319FB2071F79EA3900E0F05A /* NSIndexPath+TableView.h */ = {isa = PBXFileReference; lastKnownFileType = sourcecode.c.h; path = "NSIndexPath+TableView.h"; sourceTree = "<group>"; };
		319FB2091F79EA3900E0F05A /* UITableView+NoMessage.h */ = {isa = PBXFileReference; lastKnownFileType = sourcecode.c.h; path = "UITableView+NoMessage.h"; sourceTree = "<group>"; };
		319FB20A1F79EA3900E0F05A /* UITableView+Category.m */ = {isa = PBXFileReference; lastKnownFileType = sourcecode.c.objc; path = "UITableView+Category.m"; sourceTree = "<group>"; };
		319FB20B1F79EA3900E0F05A /* UITableView+MTCell.m */ = {isa = PBXFileReference; lastKnownFileType = sourcecode.c.objc; path = "UITableView+MTCell.m"; sourceTree = "<group>"; };
		319FB20C1F79EA3900E0F05A /* NSString+Pinyin.m */ = {isa = PBXFileReference; lastKnownFileType = sourcecode.c.objc; path = "NSString+Pinyin.m"; sourceTree = "<group>"; };
		319FB20D1F79EA3900E0F05A /* UITableView+NoMessage.m */ = {isa = PBXFileReference; lastKnownFileType = sourcecode.c.objc; path = "UITableView+NoMessage.m"; sourceTree = "<group>"; };
		319FB20E1F79EA3900E0F05A /* UITableView+Category.h */ = {isa = PBXFileReference; lastKnownFileType = sourcecode.c.h; path = "UITableView+Category.h"; sourceTree = "<group>"; };
		319FB20F1F79EA3900E0F05A /* NSString+Pinyin.h */ = {isa = PBXFileReference; lastKnownFileType = sourcecode.c.h; path = "NSString+Pinyin.h"; sourceTree = "<group>"; };
		319FB2101F79EA3900E0F05A /* UITableView+MTCell.h */ = {isa = PBXFileReference; lastKnownFileType = sourcecode.c.h; path = "UITableView+MTCell.h"; sourceTree = "<group>"; };
		319FB2111F79EA3900E0F05A /* UITextField+MTProperty.m */ = {isa = PBXFileReference; lastKnownFileType = sourcecode.c.objc; path = "UITextField+MTProperty.m"; sourceTree = "<group>"; };
		319FB2121F79EA3900E0F05A /* NSString+Valid.m */ = {isa = PBXFileReference; lastKnownFileType = sourcecode.c.objc; path = "NSString+Valid.m"; sourceTree = "<group>"; };
		319FB2131F79EA3900E0F05A /* UIImage+MTDimensionalCode.m */ = {isa = PBXFileReference; lastKnownFileType = sourcecode.c.objc; path = "UIImage+MTDimensionalCode.m"; sourceTree = "<group>"; };
		319FB2141F79EA3900E0F05A /* UIView+MTSwizzle.m */ = {isa = PBXFileReference; lastKnownFileType = sourcecode.c.objc; path = "UIView+MTSwizzle.m"; sourceTree = "<group>"; };
		319FB2151F79EA3900E0F05A /* UIControl+MTCheckClick.h */ = {isa = PBXFileReference; lastKnownFileType = sourcecode.c.h; path = "UIControl+MTCheckClick.h"; sourceTree = "<group>"; };
		319FB2161F79EA3900E0F05A /* NSString+MTDateFormat.m */ = {isa = PBXFileReference; lastKnownFileType = sourcecode.c.objc; path = "NSString+MTDateFormat.m"; sourceTree = "<group>"; };
		319FB2171F79EA3900E0F05A /* UIImage+Extension.h */ = {isa = PBXFileReference; lastKnownFileType = sourcecode.c.h; path = "UIImage+Extension.h"; sourceTree = "<group>"; };
		319FB2181F79EA3900E0F05A /* UIBarButtonItem+Extension.m */ = {isa = PBXFileReference; lastKnownFileType = sourcecode.c.objc; path = "UIBarButtonItem+Extension.m"; sourceTree = "<group>"; };
		319FB2191F79EA3900E0F05A /* UIColor+ComboBoxExtension.m */ = {isa = PBXFileReference; lastKnownFileType = sourcecode.c.objc; path = "UIColor+ComboBoxExtension.m"; sourceTree = "<group>"; };
		319FB21A1F79EA3900E0F05A /* NSString+MTRoSpace.m */ = {isa = PBXFileReference; lastKnownFileType = sourcecode.c.objc; path = "NSString+MTRoSpace.m"; sourceTree = "<group>"; };
		319FB21B1F79EA3900E0F05A /* NSString+Valid.h */ = {isa = PBXFileReference; lastKnownFileType = sourcecode.c.h; path = "NSString+Valid.h"; sourceTree = "<group>"; };
		319FB21C1F79EA3A00E0F05A /* UIColor+KNColor.m */ = {isa = PBXFileReference; lastKnownFileType = sourcecode.c.objc; path = "UIColor+KNColor.m"; sourceTree = "<group>"; };
		319FB21D1F79EA3A00E0F05A /* NSArray+MTDecription.m */ = {isa = PBXFileReference; lastKnownFileType = sourcecode.c.objc; path = "NSArray+MTDecription.m"; sourceTree = "<group>"; };
		319FB21E1F79EA3A00E0F05A /* NSDate+Category.h */ = {isa = PBXFileReference; lastKnownFileType = sourcecode.c.h; path = "NSDate+Category.h"; sourceTree = "<group>"; };
		319FB21F1F79EA3A00E0F05A /* NSString+Path.h */ = {isa = PBXFileReference; lastKnownFileType = sourcecode.c.h; path = "NSString+Path.h"; sourceTree = "<group>"; };
		319FB2201F79EA3A00E0F05A /* UIImage+Tint.h */ = {isa = PBXFileReference; lastKnownFileType = sourcecode.c.h; path = "UIImage+Tint.h"; sourceTree = "<group>"; };
		319FB2211F79EA3A00E0F05A /* NSArray+MTDecription.h */ = {isa = PBXFileReference; lastKnownFileType = sourcecode.c.h; path = "NSArray+MTDecription.h"; sourceTree = "<group>"; };
		319FB2221F79EA3A00E0F05A /* UIView+Extension.m */ = {isa = PBXFileReference; lastKnownFileType = sourcecode.c.objc; path = "UIView+Extension.m"; sourceTree = "<group>"; };
		319FB2231F79EA3A00E0F05A /* UIButton+MTAddition.h */ = {isa = PBXFileReference; lastKnownFileType = sourcecode.c.h; path = "UIButton+MTAddition.h"; sourceTree = "<group>"; };
		319FB2241F79EA3A00E0F05A /* UIView+ComboBoxExtension.h */ = {isa = PBXFileReference; lastKnownFileType = sourcecode.c.h; path = "UIView+ComboBoxExtension.h"; sourceTree = "<group>"; };
		319FB2251F79EA3A00E0F05A /* NSString+Emoji.m */ = {isa = PBXFileReference; lastKnownFileType = sourcecode.c.objc; path = "NSString+Emoji.m"; sourceTree = "<group>"; };
		319FB2261F79EA3A00E0F05A /* PHAsset+MT.m */ = {isa = PBXFileReference; lastKnownFileType = sourcecode.c.objc; path = "PHAsset+MT.m"; sourceTree = "<group>"; };
		319FB2271F79EA3A00E0F05A /* UIImage+EXT.m */ = {isa = PBXFileReference; lastKnownFileType = sourcecode.c.objc; path = "UIImage+EXT.m"; sourceTree = "<group>"; };
		319FB2281F79EA3A00E0F05A /* NSString+HTML.h */ = {isa = PBXFileReference; lastKnownFileType = sourcecode.c.h; path = "NSString+HTML.h"; sourceTree = "<group>"; };
		319FB2291F79EA3A00E0F05A /* NSString+MTStringHandle.h */ = {isa = PBXFileReference; lastKnownFileType = sourcecode.c.h; path = "NSString+MTStringHandle.h"; sourceTree = "<group>"; };
		319FB22A1F79EA3A00E0F05A /* NSTimer+MTAddition.h */ = {isa = PBXFileReference; lastKnownFileType = sourcecode.c.h; path = "NSTimer+MTAddition.h"; sourceTree = "<group>"; };
		31D4AAB91F7A22E600A0345C /* MTSwizzleTool.m */ = {isa = PBXFileReference; lastKnownFileType = sourcecode.c.objc; path = MTSwizzleTool.m; sourceTree = "<group>"; };
		31D4AABA1F7A22E600A0345C /* MTSwizzleTool.h */ = {isa = PBXFileReference; lastKnownFileType = sourcecode.c.h; path = MTSwizzleTool.h; sourceTree = "<group>"; };
		31D4AABC1F7A22E600A0345C /* MTUncaughtException.h */ = {isa = PBXFileReference; lastKnownFileType = sourcecode.c.h; path = MTUncaughtException.h; sourceTree = "<group>"; };
		31D4AABD1F7A22E600A0345C /* MTUncaughtException.m */ = {isa = PBXFileReference; lastKnownFileType = sourcecode.c.objc; path = MTUncaughtException.m; sourceTree = "<group>"; };
		31D4AABE1F7A23AE00A0345C /* UIColor+Hexcolor.h */ = {isa = PBXFileReference; lastKnownFileType = sourcecode.c.h; path = "UIColor+Hexcolor.h"; sourceTree = "<group>"; };
		31D4AABF1F7A23AE00A0345C /* UIColor+Hexcolor.m */ = {isa = PBXFileReference; lastKnownFileType = sourcecode.c.objc; path = "UIColor+Hexcolor.m"; sourceTree = "<group>"; };
		31D4AAC21F7A246600A0345C /* MTMacro.h */ = {isa = PBXFileReference; lastKnownFileType = sourcecode.c.h; path = MTMacro.h; sourceTree = "<group>"; };
		31D4AAC31F7A28A500A0345C /* MTTableViewIndexView.h */ = {isa = PBXFileReference; lastKnownFileType = sourcecode.c.h; path = MTTableViewIndexView.h; sourceTree = "<group>"; };
		31D4AAC41F7A28A500A0345C /* MTTableViewIndexView.m */ = {isa = PBXFileReference; lastKnownFileType = sourcecode.c.objc; path = MTTableViewIndexView.m; sourceTree = "<group>"; };
		31D4AAC71F7A2FF900A0345C /* Aspects.h */ = {isa = PBXFileReference; lastKnownFileType = sourcecode.c.h; path = Aspects.h; sourceTree = "<group>"; };
		31D4AAC81F7A2FF900A0345C /* Aspects.m */ = {isa = PBXFileReference; lastKnownFileType = sourcecode.c.objc; path = Aspects.m; sourceTree = "<group>"; };
		31D4AAC91F7A305900A0345C /* MTRETool.m */ = {isa = PBXFileReference; lastKnownFileType = sourcecode.c.objc; path = MTRETool.m; sourceTree = "<group>"; };
		31D4AACA1F7A305900A0345C /* MTRETool.h */ = {isa = PBXFileReference; lastKnownFileType = sourcecode.c.h; path = MTRETool.h; sourceTree = "<group>"; };
		33ECD457FA951B3DD1C477FA /* libPods-MTKIT.a */ = {isa = PBXFileReference; explicitFileType = archive.ar; includeInIndex = 0; path = "libPods-MTKIT.a"; sourceTree = BUILT_PRODUCTS_DIR; };
		6D14EBDE1F78C7B40082B01B /* MTKIT.app */ = {isa = PBXFileReference; explicitFileType = wrapper.application; includeInIndex = 0; path = MTKIT.app; sourceTree = BUILT_PRODUCTS_DIR; };
		6D14EBE81F78C7B40082B01B /* Base */ = {isa = PBXFileReference; lastKnownFileType = file.storyboard; name = Base; path = Base.lproj/Main.storyboard; sourceTree = "<group>"; };
		6D14EBEB1F78C7B40082B01B /* MTKIT.xcdatamodel */ = {isa = PBXFileReference; lastKnownFileType = wrapper.xcdatamodel; path = MTKIT.xcdatamodel; sourceTree = "<group>"; };
		6D14EBED1F78C7B40082B01B /* Assets.xcassets */ = {isa = PBXFileReference; lastKnownFileType = folder.assetcatalog; path = Assets.xcassets; sourceTree = "<group>"; };
		6D14EBF01F78C7B40082B01B /* Base */ = {isa = PBXFileReference; lastKnownFileType = file.storyboard; name = Base; path = Base.lproj/LaunchScreen.storyboard; sourceTree = "<group>"; };
		6D14EBF21F78C7B40082B01B /* Info.plist */ = {isa = PBXFileReference; lastKnownFileType = text.plist.xml; path = Info.plist; sourceTree = "<group>"; };
		6D14EBF31F78C7B40082B01B /* main.m */ = {isa = PBXFileReference; lastKnownFileType = sourcecode.c.objc; path = main.m; sourceTree = "<group>"; };
		6D14EBF91F78C7B40082B01B /* MTKITTests.xctest */ = {isa = PBXFileReference; explicitFileType = wrapper.cfbundle; includeInIndex = 0; path = MTKITTests.xctest; sourceTree = BUILT_PRODUCTS_DIR; };
		6D14EBFD1F78C7B40082B01B /* MTKITTests.m */ = {isa = PBXFileReference; lastKnownFileType = sourcecode.c.objc; path = MTKITTests.m; sourceTree = "<group>"; };
		6D14EBFF1F78C7B40082B01B /* Info.plist */ = {isa = PBXFileReference; lastKnownFileType = text.plist.xml; path = Info.plist; sourceTree = "<group>"; };
		6D14EC041F78C7B40082B01B /* MTKITUITests.xctest */ = {isa = PBXFileReference; explicitFileType = wrapper.cfbundle; includeInIndex = 0; path = MTKITUITests.xctest; sourceTree = BUILT_PRODUCTS_DIR; };
		6D14EC081F78C7B40082B01B /* MTKITUITests.m */ = {isa = PBXFileReference; lastKnownFileType = sourcecode.c.objc; path = MTKITUITests.m; sourceTree = "<group>"; };
		6D14EC0A1F78C7B40082B01B /* Info.plist */ = {isa = PBXFileReference; lastKnownFileType = text.plist.xml; path = Info.plist; sourceTree = "<group>"; };
		6D14EC171F78C86F0082B01B /* MTKit.h */ = {isa = PBXFileReference; fileEncoding = 4; lastKnownFileType = sourcecode.c.h; path = MTKit.h; sourceTree = "<group>"; };
		6D14EC191F78C86F0082B01B /* AppDelegate.h */ = {isa = PBXFileReference; fileEncoding = 4; lastKnownFileType = sourcecode.c.h; path = AppDelegate.h; sourceTree = "<group>"; };
		6D14EC1A1F78C86F0082B01B /* AppDelegate.m */ = {isa = PBXFileReference; fileEncoding = 4; lastKnownFileType = sourcecode.c.objc; path = AppDelegate.m; sourceTree = "<group>"; };
		6D14EC1B1F78C86F0082B01B /* ViewController.h */ = {isa = PBXFileReference; fileEncoding = 4; lastKnownFileType = sourcecode.c.h; path = ViewController.h; sourceTree = "<group>"; };
		6D14EC1C1F78C86F0082B01B /* ViewController.m */ = {isa = PBXFileReference; fileEncoding = 4; lastKnownFileType = sourcecode.c.objc; path = ViewController.m; sourceTree = "<group>"; };
		9E14D1AA2291A87664B9E4E1 /* Pods-MTKITTests.release.xcconfig */ = {isa = PBXFileReference; includeInIndex = 1; lastKnownFileType = text.xcconfig; name = "Pods-MTKITTests.release.xcconfig"; path = "Pods/Target Support Files/Pods-MTKITTests/Pods-MTKITTests.release.xcconfig"; sourceTree = "<group>"; };
		AED9B4DA765B5970B716A2FE /* Pods-MTKITTests.debug.xcconfig */ = {isa = PBXFileReference; includeInIndex = 1; lastKnownFileType = text.xcconfig; name = "Pods-MTKITTests.debug.xcconfig"; path = "Pods/Target Support Files/Pods-MTKITTests/Pods-MTKITTests.debug.xcconfig"; sourceTree = "<group>"; };
		C6ED073C1719C19B0C2EF057 /* Pods-MTKIT.release.xcconfig */ = {isa = PBXFileReference; includeInIndex = 1; lastKnownFileType = text.xcconfig; name = "Pods-MTKIT.release.xcconfig"; path = "Pods/Target Support Files/Pods-MTKIT/Pods-MTKIT.release.xcconfig"; sourceTree = "<group>"; };
		F0E3B0FAD7BE35E90DA37B6C /* Pods-MTKITUITests.release.xcconfig */ = {isa = PBXFileReference; includeInIndex = 1; lastKnownFileType = text.xcconfig; name = "Pods-MTKITUITests.release.xcconfig"; path = "Pods/Target Support Files/Pods-MTKITUITests/Pods-MTKITUITests.release.xcconfig"; sourceTree = "<group>"; };
		F75DF3F559FB46626F8BE132 /* libPods-MTKITUITests.a */ = {isa = PBXFileReference; explicitFileType = archive.ar; includeInIndex = 0; path = "libPods-MTKITUITests.a"; sourceTree = BUILT_PRODUCTS_DIR; };
/* End PBXFileReference section */

/* Begin PBXFrameworksBuildPhase section */
		6D14EBDB1F78C7B40082B01B /* Frameworks */ = {
			isa = PBXFrameworksBuildPhase;
			buildActionMask = 2147483647;
			files = (
				C8A1E676A2AAFA027A54461C /* libPods-MTKIT.a in Frameworks */,
			);
			runOnlyForDeploymentPostprocessing = 0;
		};
		6D14EBF61F78C7B40082B01B /* Frameworks */ = {
			isa = PBXFrameworksBuildPhase;
			buildActionMask = 2147483647;
			files = (
				A3E71EDB7CE1F0F0B6F2A078 /* libPods-MTKITTests.a in Frameworks */,
			);
			runOnlyForDeploymentPostprocessing = 0;
		};
		6D14EC011F78C7B40082B01B /* Frameworks */ = {
			isa = PBXFrameworksBuildPhase;
			buildActionMask = 2147483647;
			files = (
				CDBAF675588DD8BBB4E0DDED /* libPods-MTKITUITests.a in Frameworks */,
			);
			runOnlyForDeploymentPostprocessing = 0;
		};
/* End PBXFrameworksBuildPhase section */

/* Begin PBXGroup section */
		319FB1791F79DAA800E0F05A /* Category */ = {
			isa = PBXGroup;
			children = (
				319FB1FB1F79EA3800E0F05A /* NSArray+Log.h */,
				319FB1871F79EA3300E0F05A /* NSArray+Log.m */,
				319FB2211F79EA3A00E0F05A /* NSArray+MTDecription.h */,
				319FB21D1F79EA3A00E0F05A /* NSArray+MTDecription.m */,
				319FB21E1F79EA3A00E0F05A /* NSDate+Category.h */,
				319FB1861F79EA3300E0F05A /* NSDate+Category.m */,
				319FB18E1F79EA3300E0F05A /* NSDate+Extension.h */,
				319FB1F21F79EA3700E0F05A /* NSDate+Extension.m */,
				319FB1F81F79EA3800E0F05A /* NSDate+Time.h */,
				319FB1E51F79EA3600E0F05A /* NSDate+Time.m */,
				319FB1F41F79EA3700E0F05A /* NSDateFormatter+Category.h */,
				319FB1E81F79EA3600E0F05A /* NSDateFormatter+Category.m */,
				319FB1941F79EA3400E0F05A /* NSDictionary+MTDecription.h */,
				319FB1A11F79EA3500E0F05A /* NSDictionary+MTDecription.m */,
				319FB1FD1F79EA3800E0F05A /* NSDictionary+MTProperty.h */,
				319FB1851F79EA3300E0F05A /* NSDictionary+MTProperty.m */,
				319FB1E61F79EA3600E0F05A /* NSDictionary+SHLog.h */,
				319FB1DB1F79EA3500E0F05A /* NSDictionary+SHLog.m */,
				319FB2071F79EA3900E0F05A /* NSIndexPath+TableView.h */,
				319FB2021F79EA3800E0F05A /* NSIndexPath+TableView.m */,
				319FB18C1F79EA3300E0F05A /* NSMutableDictionary+MTMDictionary.h */,
				319FB19A1F79EA3400E0F05A /* NSMutableDictionary+MTMDictionary.m */,
				319FB1911F79EA3400E0F05A /* NSNull+MT.h */,
				319FB18A1F79EA3300E0F05A /* NSNull+MT.m */,
				319FB1F51F79EA3700E0F05A /* NSObject+ClassMatch.h */,
				319FB1891F79EA3300E0F05A /* NSObject+ClassMatch.m */,
				319FB19B1F79EA3400E0F05A /* NSObject+MTDBProperty.h */,
				319FB1921F79EA3400E0F05A /* NSObject+MTDBProperty.m */,
				319FB1EA1F79EA3700E0F05A /* NSString+Avatar.h */,
				319FB1991F79EA3400E0F05A /* NSString+Avatar.m */,
				319FB1E41F79EA3600E0F05A /* NSString+Emoji.h */,
				319FB2251F79EA3A00E0F05A /* NSString+Emoji.m */,
				319FB17B1F79EA3300E0F05A /* NSString+Hash.h */,
				319FB2061F79EA3900E0F05A /* NSString+Hash.m */,
				319FB2281F79EA3A00E0F05A /* NSString+HTML.h */,
				319FB2041F79EA3800E0F05A /* NSString+HTML.m */,
				319FB18D1F79EA3300E0F05A /* NSString+MTDateFormat.h */,
				319FB2161F79EA3900E0F05A /* NSString+MTDateFormat.m */,
				319FB1E31F79EA3600E0F05A /* NSString+MTRandom.h */,
				319FB17F1F79EA3300E0F05A /* NSString+MTRandom.m */,
				319FB18F1F79EA3300E0F05A /* NSString+MTRoSpace.h */,
				319FB21A1F79EA3900E0F05A /* NSString+MTRoSpace.m */,
				319FB2291F79EA3A00E0F05A /* NSString+MTStringHandle.h */,
				319FB2031F79EA3800E0F05A /* NSString+MTStringHandle.m */,
				319FB21F1F79EA3A00E0F05A /* NSString+Path.h */,
				319FB1881F79EA3300E0F05A /* NSString+Path.m */,
				319FB21B1F79EA3900E0F05A /* NSString+Valid.h */,
				319FB2121F79EA3900E0F05A /* NSString+Valid.m */,
				319FB1961F79EA3400E0F05A /* NSTimer+addition.h */,
				319FB1E11F79EA3600E0F05A /* NSTimer+addition.m */,
				319FB22A1F79EA3A00E0F05A /* NSTimer+MTAddition.h */,
				319FB1A21F79EA3500E0F05A /* NSTimer+MTAddition.m */,
				319FB18B1F79EA3300E0F05A /* PHAsset+MT.h */,
				319FB2261F79EA3A00E0F05A /* PHAsset+MT.m */,
				319FB1A61F79EA3500E0F05A /* SafeKit */,
				319FB1A31F79EA3500E0F05A /* UIBarButtonItem+Extension.h */,
				319FB2181F79EA3900E0F05A /* UIBarButtonItem+Extension.m */,
				319FB2231F79EA3A00E0F05A /* UIButton+MTAddition.h */,
				319FB1A41F79EA3500E0F05A /* UIButton+MTAddition.m */,
				319FB1E71F79EA3600E0F05A /* UIButton+SwizzleMT.h */,
				319FB1831F79EA3300E0F05A /* UIButton+SwizzleMT.m */,
				319FB1EC1F79EA3700E0F05A /* UIColor+ComboBoxExtension.h */,
				319FB2191F79EA3900E0F05A /* UIColor+ComboBoxExtension.m */,
				319FB1FC1F79EA3800E0F05A /* UIColor+KNColor.h */,
				319FB21C1F79EA3A00E0F05A /* UIColor+KNColor.m */,
				319FB2151F79EA3900E0F05A /* UIControl+MTCheckClick.h */,
				319FB19E1F79EA3500E0F05A /* UIControl+MTCheckClick.m */,
				319FB17C1F79EA3300E0F05A /* UIControl+MTSwizzle.h */,
				319FB1841F79EA3300E0F05A /* UIControl+MTSwizzle.m */,
				319FB1EE1F79EA3700E0F05A /* UIImage+EXT.h */,
				319FB2271F79EA3A00E0F05A /* UIImage+EXT.m */,
				319FB2171F79EA3900E0F05A /* UIImage+Extension.h */,
				319FB1821F79EA3300E0F05A /* UIImage+Extension.m */,
				319FB1A51F79EA3500E0F05A /* UIImage+MTDimensionalCode.h */,
				319FB2131F79EA3900E0F05A /* UIImage+MTDimensionalCode.m */,
				319FB1FF1F79EA3800E0F05A /* UIImage+MTExtension.h */,
				319FB1DA1F79EA3500E0F05A /* UIImage+MTExtension.m */,
				319FB2201F79EA3A00E0F05A /* UIImage+Tint.h */,
				319FB19C1F79EA3400E0F05A /* UIImage+Tint.m */,
				319FB1E91F79EA3700E0F05A /* UIImageView+MTSwizzle.h */,
				319FB1FE1F79EA3800E0F05A /* UIImageView+MTSwizzle.m */,
				319FB1971F79EA3400E0F05A /* UILabel+MTKeyWord.h */,
				319FB2051F79EA3800E0F05A /* UILabel+MTKeyWord.m */,
				319FB1F91F79EA3800E0F05A /* UILabel+MTLineSpace.h */,
				319FB1DC1F79EA3600E0F05A /* UILabel+MTLineSpace.m */,
				319FB1DD1F79EA3600E0F05A /* UIResponder+Router.h */,
				319FB1EF1F79EA3700E0F05A /* UIResponder+Router.m */,
				319FB19D1F79EA3400E0F05A /* UIScrollView+MTScroll.h */,
				319FB17D1F79EA3300E0F05A /* UIScrollView+MTScroll.m */,
				319FB2081F79EA3900E0F05A /* UITableView+Category */,
				319FB1FA1F79EA3800E0F05A /* UITextField+MTProperty.h */,
				319FB2111F79EA3900E0F05A /* UITextField+MTProperty.m */,
				319FB1F31F79EA3700E0F05A /* UITextView+MTLineSpace.h */,
				319FB17E1F79EA3300E0F05A /* UITextView+MTLineSpace.m */,
				319FB2011F79EA3800E0F05A /* UITextView+MTProperty.h */,
				319FB1F01F79EA3700E0F05A /* UITextView+MTProperty.m */,
				319FB1EB1F79EA3700E0F05A /* UIView+AttributedString.h */,
				319FB1981F79EA3400E0F05A /* UIView+AttributedString.m */,
				319FB2241F79EA3A00E0F05A /* UIView+ComboBoxExtension.h */,
				319FB19F1F79EA3500E0F05A /* UIView+ComboBoxExtension.m */,
				319FB1F71F79EA3800E0F05A /* UIView+Extension.h */,
				319FB2221F79EA3A00E0F05A /* UIView+Extension.m */,
				319FB1DE1F79EA3600E0F05A /* UIView+Frame.h */,
				319FB1E21F79EA3600E0F05A /* UIView+Frame.m */,
				319FB1ED1F79EA3700E0F05A /* UIView+MTExtension.h */,
				319FB1931F79EA3400E0F05A /* UIView+MTExtension.m */,
				319FB17A1F79EA3200E0F05A /* UIView+MTPermission.h */,
				319FB1DF1F79EA3600E0F05A /* UIView+MTPermission.m */,
				319FB1801F79EA3300E0F05A /* UIView+MTProperty.h */,
				319FB1F11F79EA3700E0F05A /* UIView+MTProperty.m */,
				319FB1E01F79EA3600E0F05A /* UIView+MTSwizzle.h */,
				319FB2141F79EA3900E0F05A /* UIView+MTSwizzle.m */,
				319FB1811F79EA3300E0F05A /* WYWebController.h */,
				319FB1901F79EA3400E0F05A /* WYWebController.m */,
				319FB2001F79EA3800E0F05A /* WYWebProgressLayer.h */,
				319FB1951F79EA3400E0F05A /* WYWebProgressLayer.m */,
				31D4AABE1F7A23AE00A0345C /* UIColor+Hexcolor.h */,
				31D4AABF1F7A23AE00A0345C /* UIColor+Hexcolor.m */,
			);
			path = Category;
			sourceTree = "<group>";
		};
		319FB1A61F79EA3500E0F05A /* SafeKit */ = {
			isa = PBXGroup;
			children = (
				319FB1A71F79EA3500E0F05A /* SafeCore */,
				319FB1AC1F79EA3500E0F05A /* MRC */,
				319FB1AF1F79EA3500E0F05A /* Foundation */,
				319FB1BF1F79EA3500E0F05A /* VDM */,
				319FB1D91F79EA3500E0F05A /* SafeKit.h */,
			);
			path = SafeKit;
			sourceTree = "<group>";
		};
		319FB1A71F79EA3500E0F05A /* SafeCore */ = {
			isa = PBXGroup;
			children = (
				319FB1A81F79EA3500E0F05A /* NSObject+Swizzle.m */,
				319FB1A91F79EA3500E0F05A /* SafeKitCore.h */,
				319FB1AA1F79EA3500E0F05A /* NSObject+Swizzle.h */,
				319FB1AB1F79EA3500E0F05A /* SafeKitMacro.h */,
			);
			path = SafeCore;
			sourceTree = "<group>";
		};
		319FB1AC1F79EA3500E0F05A /* MRC */ = {
			isa = PBXGroup;
			children = (
				319FB1AD1F79EA3500E0F05A /* NSMutableArray+SafeKitMRC.m */,
				319FB1AE1F79EA3500E0F05A /* NSMutableArray+SafeKitMRC.h */,
			);
			path = MRC;
			sourceTree = "<group>";
		};
		319FB1AF1F79EA3500E0F05A /* Foundation */ = {
			isa = PBXGroup;
			children = (
				319FB1B01F79EA3500E0F05A /* NSMutableArray+SafeKit.h */,
				319FB1B11F79EA3500E0F05A /* NSDictionary+SafeKit.h */,
				319FB1B21F79EA3500E0F05A /* NSArray+SafeKit.m */,
				319FB1B31F79EA3500E0F05A /* NSMutableString+SafeKit.h */,
				319FB1B41F79EA3500E0F05A /* NSNumber+SafeKit.m */,
				319FB1B51F79EA3500E0F05A /* NSMutableDictionary+SafeKit.m */,
				319FB1B61F79EA3500E0F05A /* NSString+SafeKit.m */,
				319FB1B71F79EA3500E0F05A /* NSDictionary+SafeKit.m */,
				319FB1B81F79EA3500E0F05A /* NSMutableArray+SafeKit.m */,
				319FB1B91F79EA3500E0F05A /* NSMutableString+SafeKit.m */,
				319FB1BA1F79EA3500E0F05A /* NSArray+SafeKit.h */,
				319FB1BB1F79EA3500E0F05A /* Foundation+SafeKit.h */,
				319FB1BC1F79EA3500E0F05A /* NSNumber+SafeKit.h */,
				319FB1BD1F79EA3500E0F05A /* NSString+SafeKit.h */,
				319FB1BE1F79EA3500E0F05A /* NSMutableDictionary+SafeKit.h */,
			);
			path = Foundation;
			sourceTree = "<group>";
		};
		319FB1BF1F79EA3500E0F05A /* VDM */ = {
			isa = PBXGroup;
			children = (
				319FB1C01F79EA3500E0F05A /* VSScrollView.m */,
				319FB1C11F79EA3500E0F05A /* VSTimer.m */,
				319FB1C21F79EA3500E0F05A /* VSDependencyObject.m */,
				319FB1C31F79EA3500E0F05A /* VSMethodHander.m */,
				319FB1C41F79EA3500E0F05A /* NSObject+VSDependencyManager.h */,
				319FB1C51F79EA3500E0F05A /* VSPickerView.m */,
				319FB1C61F79EA3500E0F05A /* UIView+VSDependencyManager.h */,
				319FB1C71F79EA3500E0F05A /* VSDependencyManager.m */,
				319FB1C81F79EA3500E0F05A /* VSTableView.h */,
				319FB1C91F79EA3500E0F05A /* UIGestureRecognizer+VSDependencyManager.m */,
				319FB1CA1F79EA3500E0F05A /* UIControl+VSDependencyManager.h */,
				319FB1CB1F79EA3500E0F05A /* UIViewController+VSDependencyManager.h */,
				319FB1CC1F79EA3500E0F05A /* VSDependencyObject.h */,
				319FB1CD1F79EA3500E0F05A /* VSTimer.h */,
				319FB1CE1F79EA3500E0F05A /* VSScrollView.h */,
				319FB1CF1F79EA3500E0F05A /* VSPickerView.h */,
				319FB1D01F79EA3500E0F05A /* VSDependencyCommon.h */,
				319FB1D11F79EA3500E0F05A /* NSObject+VSDependencyManager.m */,
				319FB1D21F79EA3500E0F05A /* VSMethodHander.h */,
				319FB1D31F79EA3500E0F05A /* VSTableView.m */,
				319FB1D41F79EA3500E0F05A /* VSDependencyManager.h */,
				319FB1D51F79EA3500E0F05A /* UIView+VSDependencyManager.m */,
				319FB1D61F79EA3500E0F05A /* UIViewController+VSDependencyManager.m */,
				319FB1D71F79EA3500E0F05A /* UIGestureRecognizer+VSDependencyManager.h */,
				319FB1D81F79EA3500E0F05A /* UIControl+VSDependencyManager.m */,
			);
			path = VDM;
			sourceTree = "<group>";
		};
		319FB2081F79EA3900E0F05A /* UITableView+Category */ = {
			isa = PBXGroup;
			children = (
				319FB2091F79EA3900E0F05A /* UITableView+NoMessage.h */,
				319FB20A1F79EA3900E0F05A /* UITableView+Category.m */,
				319FB20B1F79EA3900E0F05A /* UITableView+MTCell.m */,
				319FB20C1F79EA3900E0F05A /* NSString+Pinyin.m */,
				319FB20D1F79EA3900E0F05A /* UITableView+NoMessage.m */,
				319FB20E1F79EA3900E0F05A /* UITableView+Category.h */,
				319FB20F1F79EA3900E0F05A /* NSString+Pinyin.h */,
				319FB2101F79EA3900E0F05A /* UITableView+MTCell.h */,
				31D4AAC31F7A28A500A0345C /* MTTableViewIndexView.h */,
				31D4AAC41F7A28A500A0345C /* MTTableViewIndexView.m */,
			);
			path = "UITableView+Category";
			sourceTree = "<group>";
		};
		31D4AAB81F7A22E600A0345C /* Swizzle */ = {
			isa = PBXGroup;
			children = (
				31D4AAB91F7A22E600A0345C /* MTSwizzleTool.m */,
				31D4AABA1F7A22E600A0345C /* MTSwizzleTool.h */,
			);
			path = Swizzle;
			sourceTree = "<group>";
		};
		31D4AABB1F7A22E600A0345C /* ExceptionCatch */ = {
			isa = PBXGroup;
			children = (
				31D4AABC1F7A22E600A0345C /* MTUncaughtException.h */,
				31D4AABD1F7A22E600A0345C /* MTUncaughtException.m */,
			);
			path = ExceptionCatch;
			sourceTree = "<group>";
		};
		31D4AAC11F7A243300A0345C /* Defines */ = {
			isa = PBXGroup;
			children = (
				31D4AAC21F7A246600A0345C /* MTMacro.h */,
			);
			path = Defines;
			sourceTree = "<group>";
		};
		31D4AAC61F7A2FF900A0345C /* Other */ = {
			isa = PBXGroup;
			children = (
				31D4AAC71F7A2FF900A0345C /* Aspects.h */,
				31D4AAC81F7A2FF900A0345C /* Aspects.m */,
				31D4AACA1F7A305900A0345C /* MTRETool.h */,
				31D4AAC91F7A305900A0345C /* MTRETool.m */,
			);
			path = Other;
			sourceTree = "<group>";
		};
		4D5977AE7977EE1D8F80251F /* Pods */ = {
			isa = PBXGroup;
			children = (
				03B7F767DDCA585531CD113F /* Pods-MTKIT.debug.xcconfig */,
				C6ED073C1719C19B0C2EF057 /* Pods-MTKIT.release.xcconfig */,
				AED9B4DA765B5970B716A2FE /* Pods-MTKITTests.debug.xcconfig */,
				9E14D1AA2291A87664B9E4E1 /* Pods-MTKITTests.release.xcconfig */,
				26D76ABE610BF7497037B944 /* Pods-MTKITUITests.debug.xcconfig */,
				F0E3B0FAD7BE35E90DA37B6C /* Pods-MTKITUITests.release.xcconfig */,
			);
			name = Pods;
			sourceTree = "<group>";
		};
		6D14EBD51F78C7B40082B01B = {
			isa = PBXGroup;
			children = (
				6D14EC181F78C86F0082B01B /* Example */,
				6D14EC161F78C86F0082B01B /* lib */,
				6D14EBE01F78C7B40082B01B /* MTKIT */,
				6D14EBFC1F78C7B40082B01B /* MTKITTests */,
				6D14EC071F78C7B40082B01B /* MTKITUITests */,
				6D14EBDF1F78C7B40082B01B /* Products */,
				4D5977AE7977EE1D8F80251F /* Pods */,
				F2EE9431FB5C546694B156C0 /* Frameworks */,
			);
			sourceTree = "<group>";
		};
		6D14EBDF1F78C7B40082B01B /* Products */ = {
			isa = PBXGroup;
			children = (
				6D14EBDE1F78C7B40082B01B /* MTKIT.app */,
				6D14EBF91F78C7B40082B01B /* MTKITTests.xctest */,
				6D14EC041F78C7B40082B01B /* MTKITUITests.xctest */,
			);
			name = Products;
			sourceTree = "<group>";
		};
		6D14EBE01F78C7B40082B01B /* MTKIT */ = {
			isa = PBXGroup;
			children = (
				6D14EBE71F78C7B40082B01B /* Main.storyboard */,
				6D14EBED1F78C7B40082B01B /* Assets.xcassets */,
				6D14EBEF1F78C7B40082B01B /* LaunchScreen.storyboard */,
				6D14EBF21F78C7B40082B01B /* Info.plist */,
				6D14EBF31F78C7B40082B01B /* main.m */,
				6D14EBEA1F78C7B40082B01B /* MTKIT.xcdatamodeld */,
			);
			path = MTKIT;
			sourceTree = "<group>";
		};
		6D14EBFC1F78C7B40082B01B /* MTKITTests */ = {
			isa = PBXGroup;
			children = (
				6D14EBFD1F78C7B40082B01B /* MTKITTests.m */,
				6D14EBFF1F78C7B40082B01B /* Info.plist */,
			);
			path = MTKITTests;
			sourceTree = "<group>";
		};
		6D14EC071F78C7B40082B01B /* MTKITUITests */ = {
			isa = PBXGroup;
			children = (
				6D14EC081F78C7B40082B01B /* MTKITUITests.m */,
				6D14EC0A1F78C7B40082B01B /* Info.plist */,
			);
			path = MTKITUITests;
			sourceTree = "<group>";
		};
		6D14EC161F78C86F0082B01B /* lib */ = {
			isa = PBXGroup;
			children = (
				6D14EC171F78C86F0082B01B /* MTKit.h */,
				31D4AAC11F7A243300A0345C /* Defines */,
				319FB1791F79DAA800E0F05A /* Category */,
				31D4AABB1F7A22E600A0345C /* ExceptionCatch */,
				31D4AAB81F7A22E600A0345C /* Swizzle */,
				31D4AAC61F7A2FF900A0345C /* Other */,
			);
			path = lib;
			sourceTree = "<group>";
		};
		6D14EC181F78C86F0082B01B /* Example */ = {
			isa = PBXGroup;
			children = (
				6D14EC191F78C86F0082B01B /* AppDelegate.h */,
				6D14EC1A1F78C86F0082B01B /* AppDelegate.m */,
				6D14EC1B1F78C86F0082B01B /* ViewController.h */,
				6D14EC1C1F78C86F0082B01B /* ViewController.m */,
			);
			path = Example;
			sourceTree = "<group>";
		};
		F2EE9431FB5C546694B156C0 /* Frameworks */ = {
			isa = PBXGroup;
			children = (
				33ECD457FA951B3DD1C477FA /* libPods-MTKIT.a */,
				2A1D298CED59ECE2FC9E9685 /* libPods-MTKITTests.a */,
				F75DF3F559FB46626F8BE132 /* libPods-MTKITUITests.a */,
			);
			name = Frameworks;
			sourceTree = "<group>";
		};
/* End PBXGroup section */

/* Begin PBXNativeTarget section */
		6D14EBDD1F78C7B40082B01B /* MTKIT */ = {
			isa = PBXNativeTarget;
			buildConfigurationList = 6D14EC0D1F78C7B40082B01B /* Build configuration list for PBXNativeTarget "MTKIT" */;
			buildPhases = (
				D3ECC66998BC3CE6656C714F /* [CP] Check Pods Manifest.lock */,
				6D14EBDA1F78C7B40082B01B /* Sources */,
				6D14EBDB1F78C7B40082B01B /* Frameworks */,
				6D14EBDC1F78C7B40082B01B /* Resources */,
				D3A8CB65943D14AA8B039B31 /* [CP] Embed Pods Frameworks */,
				61F7C0F95A238F7B6A73E869 /* [CP] Copy Pods Resources */,
			);
			buildRules = (
			);
			dependencies = (
			);
			name = MTKIT;
			productName = MTKIT;
			productReference = 6D14EBDE1F78C7B40082B01B /* MTKIT.app */;
			productType = "com.apple.product-type.application";
		};
		6D14EBF81F78C7B40082B01B /* MTKITTests */ = {
			isa = PBXNativeTarget;
			buildConfigurationList = 6D14EC101F78C7B40082B01B /* Build configuration list for PBXNativeTarget "MTKITTests" */;
			buildPhases = (
				F90436F5AB22E1C9E0E56875 /* [CP] Check Pods Manifest.lock */,
				6D14EBF51F78C7B40082B01B /* Sources */,
				6D14EBF61F78C7B40082B01B /* Frameworks */,
				6D14EBF71F78C7B40082B01B /* Resources */,
				415A1339AC7F5BA1C1D8F0A6 /* [CP] Embed Pods Frameworks */,
				F01CA996E9005F621FE33298 /* [CP] Copy Pods Resources */,
			);
			buildRules = (
			);
			dependencies = (
				6D14EBFB1F78C7B40082B01B /* PBXTargetDependency */,
			);
			name = MTKITTests;
			productName = MTKITTests;
			productReference = 6D14EBF91F78C7B40082B01B /* MTKITTests.xctest */;
			productType = "com.apple.product-type.bundle.unit-test";
		};
		6D14EC031F78C7B40082B01B /* MTKITUITests */ = {
			isa = PBXNativeTarget;
			buildConfigurationList = 6D14EC131F78C7B40082B01B /* Build configuration list for PBXNativeTarget "MTKITUITests" */;
			buildPhases = (
				B6697F6595C6748A6DB4A8D3 /* [CP] Check Pods Manifest.lock */,
				6D14EC001F78C7B40082B01B /* Sources */,
				6D14EC011F78C7B40082B01B /* Frameworks */,
				6D14EC021F78C7B40082B01B /* Resources */,
				9CBC8BBE74027965E4EDCE18 /* [CP] Embed Pods Frameworks */,
				DCEC53745C26FC65EB2A500E /* [CP] Copy Pods Resources */,
			);
			buildRules = (
			);
			dependencies = (
				6D14EC061F78C7B40082B01B /* PBXTargetDependency */,
			);
			name = MTKITUITests;
			productName = MTKITUITests;
			productReference = 6D14EC041F78C7B40082B01B /* MTKITUITests.xctest */;
			productType = "com.apple.product-type.bundle.ui-testing";
		};
/* End PBXNativeTarget section */

/* Begin PBXProject section */
		6D14EBD61F78C7B40082B01B /* Project object */ = {
			isa = PBXProject;
			attributes = {
				LastUpgradeCheck = 0900;
				ORGANIZATIONNAME = MTKIT;
				TargetAttributes = {
					6D14EBDD1F78C7B40082B01B = {
						CreatedOnToolsVersion = 9.0;
						ProvisioningStyle = Automatic;
					};
					6D14EBF81F78C7B40082B01B = {
						CreatedOnToolsVersion = 9.0;
						ProvisioningStyle = Automatic;
						TestTargetID = 6D14EBDD1F78C7B40082B01B;
					};
					6D14EC031F78C7B40082B01B = {
						CreatedOnToolsVersion = 9.0;
						ProvisioningStyle = Automatic;
						TestTargetID = 6D14EBDD1F78C7B40082B01B;
					};
				};
			};
			buildConfigurationList = 6D14EBD91F78C7B40082B01B /* Build configuration list for PBXProject "MTKIT" */;
			compatibilityVersion = "Xcode 8.0";
			developmentRegion = en;
			hasScannedForEncodings = 0;
			knownRegions = (
				en,
				Base,
			);
			mainGroup = 6D14EBD51F78C7B40082B01B;
			productRefGroup = 6D14EBDF1F78C7B40082B01B /* Products */;
			projectDirPath = "";
			projectRoot = "";
			targets = (
				6D14EBDD1F78C7B40082B01B /* MTKIT */,
				6D14EBF81F78C7B40082B01B /* MTKITTests */,
				6D14EC031F78C7B40082B01B /* MTKITUITests */,
			);
		};
/* End PBXProject section */

/* Begin PBXResourcesBuildPhase section */
		6D14EBDC1F78C7B40082B01B /* Resources */ = {
			isa = PBXResourcesBuildPhase;
			buildActionMask = 2147483647;
			files = (
				6D14EBF11F78C7B40082B01B /* LaunchScreen.storyboard in Resources */,
				6D14EBEE1F78C7B40082B01B /* Assets.xcassets in Resources */,
				6D14EBE91F78C7B40082B01B /* Main.storyboard in Resources */,
			);
			runOnlyForDeploymentPostprocessing = 0;
		};
		6D14EBF71F78C7B40082B01B /* Resources */ = {
			isa = PBXResourcesBuildPhase;
			buildActionMask = 2147483647;
			files = (
			);
			runOnlyForDeploymentPostprocessing = 0;
		};
		6D14EC021F78C7B40082B01B /* Resources */ = {
			isa = PBXResourcesBuildPhase;
			buildActionMask = 2147483647;
			files = (
			);
			runOnlyForDeploymentPostprocessing = 0;
		};
/* End PBXResourcesBuildPhase section */

/* Begin PBXShellScriptBuildPhase section */
		415A1339AC7F5BA1C1D8F0A6 /* [CP] Embed Pods Frameworks */ = {
			isa = PBXShellScriptBuildPhase;
			buildActionMask = 2147483647;
			files = (
			);
			inputPaths = (
			);
			name = "[CP] Embed Pods Frameworks";
			outputPaths = (
			);
			runOnlyForDeploymentPostprocessing = 0;
			shellPath = /bin/sh;
			shellScript = "\"${SRCROOT}/Pods/Target Support Files/Pods-MTKITTests/Pods-MTKITTests-frameworks.sh\"\n";
			showEnvVarsInLog = 0;
		};
		61F7C0F95A238F7B6A73E869 /* [CP] Copy Pods Resources */ = {
			isa = PBXShellScriptBuildPhase;
			buildActionMask = 2147483647;
			files = (
			);
			inputPaths = (
			);
			name = "[CP] Copy Pods Resources";
			outputPaths = (
			);
			runOnlyForDeploymentPostprocessing = 0;
			shellPath = /bin/sh;
			shellScript = "\"${SRCROOT}/Pods/Target Support Files/Pods-MTKIT/Pods-MTKIT-resources.sh\"\n";
			showEnvVarsInLog = 0;
		};
		9CBC8BBE74027965E4EDCE18 /* [CP] Embed Pods Frameworks */ = {
			isa = PBXShellScriptBuildPhase;
			buildActionMask = 2147483647;
			files = (
			);
			inputPaths = (
			);
			name = "[CP] Embed Pods Frameworks";
			outputPaths = (
			);
			runOnlyForDeploymentPostprocessing = 0;
			shellPath = /bin/sh;
			shellScript = "\"${SRCROOT}/Pods/Target Support Files/Pods-MTKITUITests/Pods-MTKITUITests-frameworks.sh\"\n";
			showEnvVarsInLog = 0;
		};
		B6697F6595C6748A6DB4A8D3 /* [CP] Check Pods Manifest.lock */ = {
			isa = PBXShellScriptBuildPhase;
			buildActionMask = 2147483647;
			files = (
			);
			inputPaths = (
				"${PODS_PODFILE_DIR_PATH}/Podfile.lock",
				"${PODS_ROOT}/Manifest.lock",
			);
			name = "[CP] Check Pods Manifest.lock";
			outputPaths = (
				"$(DERIVED_FILE_DIR)/Pods-MTKITUITests-checkManifestLockResult.txt",
			);
			runOnlyForDeploymentPostprocessing = 0;
			shellPath = /bin/sh;
			shellScript = "diff \"${PODS_PODFILE_DIR_PATH}/Podfile.lock\" \"${PODS_ROOT}/Manifest.lock\" > /dev/null\nif [ $? != 0 ] ; then\n    # print error to STDERR\n    echo \"error: The sandbox is not in sync with the Podfile.lock. Run 'pod install' or update your CocoaPods installation.\" >&2\n    exit 1\nfi\n# This output is used by Xcode 'outputs' to avoid re-running this script phase.\necho \"SUCCESS\" > \"${SCRIPT_OUTPUT_FILE_0}\"\n";
			showEnvVarsInLog = 0;
		};
		D3A8CB65943D14AA8B039B31 /* [CP] Embed Pods Frameworks */ = {
			isa = PBXShellScriptBuildPhase;
			buildActionMask = 2147483647;
			files = (
			);
			inputPaths = (
			);
			name = "[CP] Embed Pods Frameworks";
			outputPaths = (
			);
			runOnlyForDeploymentPostprocessing = 0;
			shellPath = /bin/sh;
			shellScript = "\"${SRCROOT}/Pods/Target Support Files/Pods-MTKIT/Pods-MTKIT-frameworks.sh\"\n";
			showEnvVarsInLog = 0;
		};
		D3ECC66998BC3CE6656C714F /* [CP] Check Pods Manifest.lock */ = {
			isa = PBXShellScriptBuildPhase;
			buildActionMask = 2147483647;
			files = (
			);
			inputPaths = (
				"${PODS_PODFILE_DIR_PATH}/Podfile.lock",
				"${PODS_ROOT}/Manifest.lock",
			);
			name = "[CP] Check Pods Manifest.lock";
			outputPaths = (
				"$(DERIVED_FILE_DIR)/Pods-MTKIT-checkManifestLockResult.txt",
			);
			runOnlyForDeploymentPostprocessing = 0;
			shellPath = /bin/sh;
			shellScript = "diff \"${PODS_PODFILE_DIR_PATH}/Podfile.lock\" \"${PODS_ROOT}/Manifest.lock\" > /dev/null\nif [ $? != 0 ] ; then\n    # print error to STDERR\n    echo \"error: The sandbox is not in sync with the Podfile.lock. Run 'pod install' or update your CocoaPods installation.\" >&2\n    exit 1\nfi\n# This output is used by Xcode 'outputs' to avoid re-running this script phase.\necho \"SUCCESS\" > \"${SCRIPT_OUTPUT_FILE_0}\"\n";
			showEnvVarsInLog = 0;
		};
		DCEC53745C26FC65EB2A500E /* [CP] Copy Pods Resources */ = {
			isa = PBXShellScriptBuildPhase;
			buildActionMask = 2147483647;
			files = (
			);
			inputPaths = (
			);
			name = "[CP] Copy Pods Resources";
			outputPaths = (
			);
			runOnlyForDeploymentPostprocessing = 0;
			shellPath = /bin/sh;
			shellScript = "\"${SRCROOT}/Pods/Target Support Files/Pods-MTKITUITests/Pods-MTKITUITests-resources.sh\"\n";
			showEnvVarsInLog = 0;
		};
		F01CA996E9005F621FE33298 /* [CP] Copy Pods Resources */ = {
			isa = PBXShellScriptBuildPhase;
			buildActionMask = 2147483647;
			files = (
			);
			inputPaths = (
			);
			name = "[CP] Copy Pods Resources";
			outputPaths = (
			);
			runOnlyForDeploymentPostprocessing = 0;
			shellPath = /bin/sh;
			shellScript = "\"${SRCROOT}/Pods/Target Support Files/Pods-MTKITTests/Pods-MTKITTests-resources.sh\"\n";
			showEnvVarsInLog = 0;
		};
		F90436F5AB22E1C9E0E56875 /* [CP] Check Pods Manifest.lock */ = {
			isa = PBXShellScriptBuildPhase;
			buildActionMask = 2147483647;
			files = (
			);
			inputPaths = (
				"${PODS_PODFILE_DIR_PATH}/Podfile.lock",
				"${PODS_ROOT}/Manifest.lock",
			);
			name = "[CP] Check Pods Manifest.lock";
			outputPaths = (
				"$(DERIVED_FILE_DIR)/Pods-MTKITTests-checkManifestLockResult.txt",
			);
			runOnlyForDeploymentPostprocessing = 0;
			shellPath = /bin/sh;
			shellScript = "diff \"${PODS_PODFILE_DIR_PATH}/Podfile.lock\" \"${PODS_ROOT}/Manifest.lock\" > /dev/null\nif [ $? != 0 ] ; then\n    # print error to STDERR\n    echo \"error: The sandbox is not in sync with the Podfile.lock. Run 'pod install' or update your CocoaPods installation.\" >&2\n    exit 1\nfi\n# This output is used by Xcode 'outputs' to avoid re-running this script phase.\necho \"SUCCESS\" > \"${SCRIPT_OUTPUT_FILE_0}\"\n";
			showEnvVarsInLog = 0;
		};
/* End PBXShellScriptBuildPhase section */

/* Begin PBXSourcesBuildPhase section */
		6D14EBDA1F78C7B40082B01B /* Sources */ = {
			isa = PBXSourcesBuildPhase;
			buildActionMask = 2147483647;
			files = (
				31D4AA8F1F7A21C100A0345C /* UIGestureRecognizer+VSDependencyManager.m in Sources */,
				31D4AA731F7A21B600A0345C /* NSString+Avatar.m in Sources */,
				31D4AA6C1F7A21B600A0345C /* NSDictionary+MTProperty.m in Sources */,
				31D4AA8D1F7A21C100A0345C /* VSPickerView.m in Sources */,
				31D4AA861F7A21BD00A0345C /* NSDictionary+SafeKit.m in Sources */,
				31D4AAAD1F7A21CB00A0345C /* UIView+AttributedString.m in Sources */,
				31D4AA971F7A21C500A0345C /* UIButton+SwizzleMT.m in Sources */,
				31D4AA661F7A21B600A0345C /* NSArray+MTDecription.m in Sources */,
				31D4AAB01F7A21CB00A0345C /* UIView+Frame.m in Sources */,
				31D4AAA61F7A21C800A0345C /* UITableView+Category.m in Sources */,
				31D4AAA21F7A21C500A0345C /* UILabel+MTKeyWord.m in Sources */,
				31D4AAB31F7A21CB00A0345C /* UIView+MTProperty.m in Sources */,
				31D4AAAA1F7A21CB00A0345C /* UITextField+MTProperty.m in Sources */,
				31D4AA781F7A21B600A0345C /* NSString+MTRandom.m in Sources */,
				31D4AA651F7A21B600A0345C /* NSArray+Log.m in Sources */,
				31D4AA851F7A21BD00A0345C /* NSString+SafeKit.m in Sources */,
				31D4AA8C1F7A21C100A0345C /* VSMethodHander.m in Sources */,
				31D4AA921F7A21C100A0345C /* UIView+VSDependencyManager.m in Sources */,
				31D4AAB61F7A21CB00A0345C /* WYWebController.m in Sources */,
				31D4AA941F7A21C100A0345C /* UIControl+VSDependencyManager.m in Sources */,
				31D4AA871F7A21BD00A0345C /* NSMutableArray+SafeKit.m in Sources */,
				31D4AA9A1F7A21C500A0345C /* UIControl+MTCheckClick.m in Sources */,
				31D4AAA31F7A21C500A0345C /* UILabel+MTLineSpace.m in Sources */,
				315290561F7A32980049CEF1 /* MTSwizzleTool.m in Sources */,
				31D4AA811F7A21BA00A0345C /* NSMutableArray+SafeKitMRC.m in Sources */,
				31D4AA691F7A21B600A0345C /* NSDate+Time.m in Sources */,
				31D4AA841F7A21BD00A0345C /* NSMutableDictionary+SafeKit.m in Sources */,
				31D4AA7C1F7A21B600A0345C /* NSString+Valid.m in Sources */,
				31D4AA6D1F7A21B600A0345C /* NSDictionary+SHLog.m in Sources */,
				31D4AA801F7A21BA00A0345C /* NSObject+Swizzle.m in Sources */,
				31D4AA721F7A21B600A0345C /* NSObject+MTDBProperty.m in Sources */,
				31D4AA771F7A21B600A0345C /* NSString+MTDateFormat.m in Sources */,
				31D4AA751F7A21B600A0345C /* NSString+Hash.m in Sources */,
				31D4AAAC1F7A21CB00A0345C /* UITextView+MTProperty.m in Sources */,
				31D4AA831F7A21BD00A0345C /* NSNumber+SafeKit.m in Sources */,
				31D4AA7D1F7A21B600A0345C /* NSTimer+addition.m in Sources */,
				31D4AAA81F7A21C800A0345C /* NSString+Pinyin.m in Sources */,
				31D4AA711F7A21B600A0345C /* NSObject+ClassMatch.m in Sources */,
				31D4AA7A1F7A21B600A0345C /* NSString+MTStringHandle.m in Sources */,
				31D4AAA41F7A21C500A0345C /* UIResponder+Router.m in Sources */,
				31D4AA951F7A21C500A0345C /* UIBarButtonItem+Extension.m in Sources */,
				31D4AA6B1F7A21B600A0345C /* NSDictionary+MTDecription.m in Sources */,
				31D4AA671F7A21B600A0345C /* NSDate+Category.m in Sources */,
				31D4AAA51F7A21C500A0345C /* UIScrollView+MTScroll.m in Sources */,
				31D4AAA71F7A21C800A0345C /* UITableView+MTCell.m in Sources */,
				31D4AA741F7A21B600A0345C /* NSString+Emoji.m in Sources */,
				31D4AA881F7A21BD00A0345C /* NSMutableString+SafeKit.m in Sources */,
				6D14EBF41F78C7B40082B01B /* main.m in Sources */,
				31D4AA6F1F7A21B600A0345C /* NSMutableDictionary+MTMDictionary.m in Sources */,
				31D4AAC01F7A23AE00A0345C /* UIColor+Hexcolor.m in Sources */,
				31D4AA761F7A21B600A0345C /* NSString+HTML.m in Sources */,
				31D4AA961F7A21C500A0345C /* UIButton+MTAddition.m in Sources */,
				31D4AAB41F7A21CB00A0345C /* UIView+MTSwizzle.m in Sources */,
				31D4AA981F7A21C500A0345C /* UIColor+ComboBoxExtension.m in Sources */,
				31D4AA8B1F7A21C100A0345C /* VSDependencyObject.m in Sources */,
				31D4AA9F1F7A21C500A0345C /* UIImage+MTExtension.m in Sources */,
				31D4AA911F7A21C100A0345C /* VSTableView.m in Sources */,
				31D4AA681F7A21B600A0345C /* NSDate+Extension.m in Sources */,
				31D4AA7F1F7A21B600A0345C /* PHAsset+MT.m in Sources */,
				6D14EBEC1F78C7B40082B01B /* MTKIT.xcdatamodeld in Sources */,
				31D4AA6A1F7A21B600A0345C /* NSDateFormatter+Category.m in Sources */,
				31D4AAA11F7A21C500A0345C /* UIImageView+MTSwizzle.m in Sources */,
				31D4AAAE1F7A21CB00A0345C /* UIView+ComboBoxExtension.m in Sources */,
				31D4AA9C1F7A21C500A0345C /* UIImage+EXT.m in Sources */,
				31D4AA891F7A21C100A0345C /* VSScrollView.m in Sources */,
				31D4AA9E1F7A21C500A0345C /* UIImage+MTDimensionalCode.m in Sources */,
				31D4AAA91F7A21C800A0345C /* UITableView+NoMessage.m in Sources */,
				31D4AAB71F7A21CB00A0345C /* WYWebProgressLayer.m in Sources */,
				31D4AAB11F7A21CB00A0345C /* UIView+MTExtension.m in Sources */,
				31D4AAB21F7A21CB00A0345C /* UIView+MTPermission.m in Sources */,
				31D4AA821F7A21BD00A0345C /* NSArray+SafeKit.m in Sources */,
				6D14EC1E1F78C86F0082B01B /* ViewController.m in Sources */,
				31D4AAC51F7A28A500A0345C /* MTTableViewIndexView.m in Sources */,
				31D4AA7B1F7A21B600A0345C /* NSString+Path.m in Sources */,
				31D4AAA01F7A21C500A0345C /* UIImage+Tint.m in Sources */,
				31D4AA991F7A21C500A0345C /* UIColor+KNColor.m in Sources */,
				315290551F7A32800049CEF1 /* MTRETool.m in Sources */,
				31D4AA8E1F7A21C100A0345C /* VSDependencyManager.m in Sources */,
				31D4AA7E1F7A21B600A0345C /* NSTimer+MTAddition.m in Sources */,
				31D4AA6E1F7A21B600A0345C /* NSIndexPath+TableView.m in Sources */,
				31D4AA931F7A21C100A0345C /* UIViewController+VSDependencyManager.m in Sources */,
				31D4AA8A1F7A21C100A0345C /* VSTimer.m in Sources */,
				31D4AA701F7A21B600A0345C /* NSNull+MT.m in Sources */,
				31D4AA9D1F7A21C500A0345C /* UIImage+Extension.m in Sources */,
				6D14EC1D1F78C86F0082B01B /* AppDelegate.m in Sources */,
				31D4AAAF1F7A21CB00A0345C /* UIView+Extension.m in Sources */,
				31D4AA791F7A21B600A0345C /* NSString+MTRoSpace.m in Sources */,
				31D4AA901F7A21C100A0345C /* NSObject+VSDependencyManager.m in Sources */,
				31D4AAAB1F7A21CB00A0345C /* UITextView+MTLineSpace.m in Sources */,
			);
			runOnlyForDeploymentPostprocessing = 0;
		};
		6D14EBF51F78C7B40082B01B /* Sources */ = {
			isa = PBXSourcesBuildPhase;
			buildActionMask = 2147483647;
			files = (
				6D14EBFE1F78C7B40082B01B /* MTKITTests.m in Sources */,
			);
			runOnlyForDeploymentPostprocessing = 0;
		};
		6D14EC001F78C7B40082B01B /* Sources */ = {
			isa = PBXSourcesBuildPhase;
			buildActionMask = 2147483647;
			files = (
				6D14EC091F78C7B40082B01B /* MTKITUITests.m in Sources */,
			);
			runOnlyForDeploymentPostprocessing = 0;
		};
/* End PBXSourcesBuildPhase section */

/* Begin PBXTargetDependency section */
		6D14EBFB1F78C7B40082B01B /* PBXTargetDependency */ = {
			isa = PBXTargetDependency;
			target = 6D14EBDD1F78C7B40082B01B /* MTKIT */;
			targetProxy = 6D14EBFA1F78C7B40082B01B /* PBXContainerItemProxy */;
		};
		6D14EC061F78C7B40082B01B /* PBXTargetDependency */ = {
			isa = PBXTargetDependency;
			target = 6D14EBDD1F78C7B40082B01B /* MTKIT */;
			targetProxy = 6D14EC051F78C7B40082B01B /* PBXContainerItemProxy */;
		};
/* End PBXTargetDependency section */

/* Begin PBXVariantGroup section */
		6D14EBE71F78C7B40082B01B /* Main.storyboard */ = {
			isa = PBXVariantGroup;
			children = (
				6D14EBE81F78C7B40082B01B /* Base */,
			);
			name = Main.storyboard;
			sourceTree = "<group>";
		};
		6D14EBEF1F78C7B40082B01B /* LaunchScreen.storyboard */ = {
			isa = PBXVariantGroup;
			children = (
				6D14EBF01F78C7B40082B01B /* Base */,
			);
			name = LaunchScreen.storyboard;
			sourceTree = "<group>";
		};
/* End PBXVariantGroup section */

/* Begin XCBuildConfiguration section */
		6D14EC0B1F78C7B40082B01B /* Debug */ = {
			isa = XCBuildConfiguration;
			buildSettings = {
				ALWAYS_SEARCH_USER_PATHS = NO;
				CLANG_ANALYZER_NONNULL = YES;
				CLANG_ANALYZER_NUMBER_OBJECT_CONVERSION = YES_AGGRESSIVE;
				CLANG_CXX_LANGUAGE_STANDARD = "gnu++14";
				CLANG_CXX_LIBRARY = "libc++";
				CLANG_ENABLE_MODULES = YES;
				CLANG_ENABLE_OBJC_ARC = YES;
				CLANG_WARN_BLOCK_CAPTURE_AUTORELEASING = YES;
				CLANG_WARN_BOOL_CONVERSION = YES;
				CLANG_WARN_COMMA = YES;
				CLANG_WARN_CONSTANT_CONVERSION = YES;
				CLANG_WARN_DIRECT_OBJC_ISA_USAGE = YES_ERROR;
				CLANG_WARN_DOCUMENTATION_COMMENTS = YES;
				CLANG_WARN_EMPTY_BODY = YES;
				CLANG_WARN_ENUM_CONVERSION = YES;
				CLANG_WARN_INFINITE_RECURSION = YES;
				CLANG_WARN_INT_CONVERSION = YES;
				CLANG_WARN_NON_LITERAL_NULL_CONVERSION = YES;
				CLANG_WARN_OBJC_LITERAL_CONVERSION = YES;
				CLANG_WARN_OBJC_ROOT_CLASS = YES_ERROR;
				CLANG_WARN_RANGE_LOOP_ANALYSIS = YES;
				CLANG_WARN_STRICT_PROTOTYPES = YES;
				CLANG_WARN_SUSPICIOUS_MOVE = YES;
				CLANG_WARN_UNGUARDED_AVAILABILITY = YES_AGGRESSIVE;
				CLANG_WARN_UNREACHABLE_CODE = YES;
				CLANG_WARN__DUPLICATE_METHOD_MATCH = YES;
				CODE_SIGN_IDENTITY = "iPhone Developer";
				COPY_PHASE_STRIP = NO;
				DEBUG_INFORMATION_FORMAT = dwarf;
				ENABLE_STRICT_OBJC_MSGSEND = YES;
				ENABLE_TESTABILITY = YES;
				GCC_C_LANGUAGE_STANDARD = gnu11;
				GCC_DYNAMIC_NO_PIC = NO;
				GCC_NO_COMMON_BLOCKS = YES;
				GCC_OPTIMIZATION_LEVEL = 0;
				GCC_PREPROCESSOR_DEFINITIONS = (
					"DEBUG=1",
					"$(inherited)",
				);
				GCC_WARN_64_TO_32_BIT_CONVERSION = YES;
				GCC_WARN_ABOUT_RETURN_TYPE = YES_ERROR;
				GCC_WARN_UNDECLARED_SELECTOR = YES;
				GCC_WARN_UNINITIALIZED_AUTOS = YES_AGGRESSIVE;
				GCC_WARN_UNUSED_FUNCTION = YES;
				GCC_WARN_UNUSED_VARIABLE = YES;
				IPHONEOS_DEPLOYMENT_TARGET = 11.0;
				MTL_ENABLE_DEBUG_INFO = YES;
				ONLY_ACTIVE_ARCH = YES;
				SDKROOT = iphoneos;
			};
			name = Debug;
		};
		6D14EC0C1F78C7B40082B01B /* Release */ = {
			isa = XCBuildConfiguration;
			buildSettings = {
				ALWAYS_SEARCH_USER_PATHS = NO;
				CLANG_ANALYZER_NONNULL = YES;
				CLANG_ANALYZER_NUMBER_OBJECT_CONVERSION = YES_AGGRESSIVE;
				CLANG_CXX_LANGUAGE_STANDARD = "gnu++14";
				CLANG_CXX_LIBRARY = "libc++";
				CLANG_ENABLE_MODULES = YES;
				CLANG_ENABLE_OBJC_ARC = YES;
				CLANG_WARN_BLOCK_CAPTURE_AUTORELEASING = YES;
				CLANG_WARN_BOOL_CONVERSION = YES;
				CLANG_WARN_COMMA = YES;
				CLANG_WARN_CONSTANT_CONVERSION = YES;
				CLANG_WARN_DIRECT_OBJC_ISA_USAGE = YES_ERROR;
				CLANG_WARN_DOCUMENTATION_COMMENTS = YES;
				CLANG_WARN_EMPTY_BODY = YES;
				CLANG_WARN_ENUM_CONVERSION = YES;
				CLANG_WARN_INFINITE_RECURSION = YES;
				CLANG_WARN_INT_CONVERSION = YES;
				CLANG_WARN_NON_LITERAL_NULL_CONVERSION = YES;
				CLANG_WARN_OBJC_LITERAL_CONVERSION = YES;
				CLANG_WARN_OBJC_ROOT_CLASS = YES_ERROR;
				CLANG_WARN_RANGE_LOOP_ANALYSIS = YES;
				CLANG_WARN_STRICT_PROTOTYPES = YES;
				CLANG_WARN_SUSPICIOUS_MOVE = YES;
				CLANG_WARN_UNGUARDED_AVAILABILITY = YES_AGGRESSIVE;
				CLANG_WARN_UNREACHABLE_CODE = YES;
				CLANG_WARN__DUPLICATE_METHOD_MATCH = YES;
				CODE_SIGN_IDENTITY = "iPhone Developer";
				COPY_PHASE_STRIP = NO;
				DEBUG_INFORMATION_FORMAT = "dwarf-with-dsym";
				ENABLE_NS_ASSERTIONS = NO;
				ENABLE_STRICT_OBJC_MSGSEND = YES;
				GCC_C_LANGUAGE_STANDARD = gnu11;
				GCC_NO_COMMON_BLOCKS = YES;
				GCC_WARN_64_TO_32_BIT_CONVERSION = YES;
				GCC_WARN_ABOUT_RETURN_TYPE = YES_ERROR;
				GCC_WARN_UNDECLARED_SELECTOR = YES;
				GCC_WARN_UNINITIALIZED_AUTOS = YES_AGGRESSIVE;
				GCC_WARN_UNUSED_FUNCTION = YES;
				GCC_WARN_UNUSED_VARIABLE = YES;
				IPHONEOS_DEPLOYMENT_TARGET = 11.0;
				MTL_ENABLE_DEBUG_INFO = NO;
				SDKROOT = iphoneos;
				VALIDATE_PRODUCT = YES;
			};
			name = Release;
		};
		6D14EC0E1F78C7B40082B01B /* Debug */ = {
			isa = XCBuildConfiguration;
			baseConfigurationReference = 03B7F767DDCA585531CD113F /* Pods-MTKIT.debug.xcconfig */;
			buildSettings = {
				ASSETCATALOG_COMPILER_APPICON_NAME = AppIcon;
				CODE_SIGN_STYLE = Automatic;
				DEVELOPMENT_TEAM = J6LD8332TN;
				INFOPLIST_FILE = MTKIT/Info.plist;
				IPHONEOS_DEPLOYMENT_TARGET = 8.0;
				LD_RUNPATH_SEARCH_PATHS = "$(inherited) @executable_path/Frameworks";
				PRODUCT_BUNDLE_IDENTIFIER = MTFrameWork.MTKIT;
				PRODUCT_NAME = "$(TARGET_NAME)";
				TARGETED_DEVICE_FAMILY = "1,2";
			};
			name = Debug;
		};
		6D14EC0F1F78C7B40082B01B /* Release */ = {
			isa = XCBuildConfiguration;
			baseConfigurationReference = C6ED073C1719C19B0C2EF057 /* Pods-MTKIT.release.xcconfig */;
			buildSettings = {
				ASSETCATALOG_COMPILER_APPICON_NAME = AppIcon;
				CODE_SIGN_STYLE = Automatic;
				DEVELOPMENT_TEAM = J6LD8332TN;
				INFOPLIST_FILE = MTKIT/Info.plist;
				IPHONEOS_DEPLOYMENT_TARGET = 8.0;
				LD_RUNPATH_SEARCH_PATHS = "$(inherited) @executable_path/Frameworks";
				PRODUCT_BUNDLE_IDENTIFIER = MTFrameWork.MTKIT;
				PRODUCT_NAME = "$(TARGET_NAME)";
				TARGETED_DEVICE_FAMILY = "1,2";
			};
			name = Release;
		};
		6D14EC111F78C7B40082B01B /* Debug */ = {
			isa = XCBuildConfiguration;
			baseConfigurationReference = AED9B4DA765B5970B716A2FE /* Pods-MTKITTests.debug.xcconfig */;
			buildSettings = {
				BUNDLE_LOADER = "$(TEST_HOST)";
				CODE_SIGN_STYLE = Automatic;
				DEVELOPMENT_TEAM = 2TC6SPVW4E;
				INFOPLIST_FILE = MTKITTests/Info.plist;
				LD_RUNPATH_SEARCH_PATHS = "$(inherited) @executable_path/Frameworks @loader_path/Frameworks";
				PRODUCT_BUNDLE_IDENTIFIER = MTFrameWork.MTKITTests;
				PRODUCT_NAME = "$(TARGET_NAME)";
				TARGETED_DEVICE_FAMILY = "1,2";
				TEST_HOST = "$(BUILT_PRODUCTS_DIR)/MTKIT.app/MTKIT";
			};
			name = Debug;
		};
		6D14EC121F78C7B40082B01B /* Release */ = {
			isa = XCBuildConfiguration;
			baseConfigurationReference = 9E14D1AA2291A87664B9E4E1 /* Pods-MTKITTests.release.xcconfig */;
			buildSettings = {
				BUNDLE_LOADER = "$(TEST_HOST)";
				CODE_SIGN_STYLE = Automatic;
				DEVELOPMENT_TEAM = 2TC6SPVW4E;
				INFOPLIST_FILE = MTKITTests/Info.plist;
				LD_RUNPATH_SEARCH_PATHS = "$(inherited) @executable_path/Frameworks @loader_path/Frameworks";
				PRODUCT_BUNDLE_IDENTIFIER = MTFrameWork.MTKITTests;
				PRODUCT_NAME = "$(TARGET_NAME)";
				TARGETED_DEVICE_FAMILY = "1,2";
				TEST_HOST = "$(BUILT_PRODUCTS_DIR)/MTKIT.app/MTKIT";
			};
			name = Release;
		};
		6D14EC141F78C7B40082B01B /* Debug */ = {
			isa = XCBuildConfiguration;
			baseConfigurationReference = 26D76ABE610BF7497037B944 /* Pods-MTKITUITests.debug.xcconfig */;
			buildSettings = {
				CODE_SIGN_STYLE = Automatic;
				DEVELOPMENT_TEAM = 2TC6SPVW4E;
				INFOPLIST_FILE = MTKITUITests/Info.plist;
				LD_RUNPATH_SEARCH_PATHS = "$(inherited) @executable_path/Frameworks @loader_path/Frameworks";
				PRODUCT_BUNDLE_IDENTIFIER = MTFrameWork.MTKITUITests;
				PRODUCT_NAME = "$(TARGET_NAME)";
				TARGETED_DEVICE_FAMILY = "1,2";
				TEST_TARGET_NAME = MTKIT;
			};
			name = Debug;
		};
		6D14EC151F78C7B40082B01B /* Release */ = {
			isa = XCBuildConfiguration;
			baseConfigurationReference = F0E3B0FAD7BE35E90DA37B6C /* Pods-MTKITUITests.release.xcconfig */;
			buildSettings = {
				CODE_SIGN_STYLE = Automatic;
				DEVELOPMENT_TEAM = 2TC6SPVW4E;
				INFOPLIST_FILE = MTKITUITests/Info.plist;
				LD_RUNPATH_SEARCH_PATHS = "$(inherited) @executable_path/Frameworks @loader_path/Frameworks";
				PRODUCT_BUNDLE_IDENTIFIER = MTFrameWork.MTKITUITests;
				PRODUCT_NAME = "$(TARGET_NAME)";
				TARGETED_DEVICE_FAMILY = "1,2";
				TEST_TARGET_NAME = MTKIT;
			};
			name = Release;
		};
/* End XCBuildConfiguration section */

/* Begin XCConfigurationList section */
		6D14EBD91F78C7B40082B01B /* Build configuration list for PBXProject "MTKIT" */ = {
			isa = XCConfigurationList;
			buildConfigurations = (
				6D14EC0B1F78C7B40082B01B /* Debug */,
				6D14EC0C1F78C7B40082B01B /* Release */,
			);
			defaultConfigurationIsVisible = 0;
			defaultConfigurationName = Release;
		};
		6D14EC0D1F78C7B40082B01B /* Build configuration list for PBXNativeTarget "MTKIT" */ = {
			isa = XCConfigurationList;
			buildConfigurations = (
				6D14EC0E1F78C7B40082B01B /* Debug */,
				6D14EC0F1F78C7B40082B01B /* Release */,
			);
			defaultConfigurationIsVisible = 0;
			defaultConfigurationName = Release;
		};
		6D14EC101F78C7B40082B01B /* Build configuration list for PBXNativeTarget "MTKITTests" */ = {
			isa = XCConfigurationList;
			buildConfigurations = (
				6D14EC111F78C7B40082B01B /* Debug */,
				6D14EC121F78C7B40082B01B /* Release */,
			);
			defaultConfigurationIsVisible = 0;
			defaultConfigurationName = Release;
		};
		6D14EC131F78C7B40082B01B /* Build configuration list for PBXNativeTarget "MTKITUITests" */ = {
			isa = XCConfigurationList;
			buildConfigurations = (
				6D14EC141F78C7B40082B01B /* Debug */,
				6D14EC151F78C7B40082B01B /* Release */,
			);
			defaultConfigurationIsVisible = 0;
			defaultConfigurationName = Release;
		};
/* End XCConfigurationList section */

/* Begin XCVersionGroup section */
		6D14EBEA1F78C7B40082B01B /* MTKIT.xcdatamodeld */ = {
			isa = XCVersionGroup;
			children = (
				6D14EBEB1F78C7B40082B01B /* MTKIT.xcdatamodel */,
			);
			currentVersion = 6D14EBEB1F78C7B40082B01B /* MTKIT.xcdatamodel */;
			path = MTKIT.xcdatamodeld;
			sourceTree = "<group>";
			versionGroupType = wrapper.xcdatamodel;
		};
/* End XCVersionGroup section */
	};
	rootObject = 6D14EBD61F78C7B40082B01B /* Project object */;
}
