// !$*UTF8*$!
{
	archiveVersion = 1;
	classes = {
	};
	objectVersion = 48;
	objects = {

/* Begin PBXBuildFile section */
		6D57EF641F78B3B300CC4301 /* Main.storyboard in Resources */ = {isa = PBXBuildFile; fileRef = 6D57EF621F78B3B300CC4301 /* Main.storyboard */; };
		6D57EF671F78B3B300CC4301 /* MTlib.xcdatamodeld in Sources */ = {isa = PBXBuildFile; fileRef = 6D57EF651F78B3B300CC4301 /* MTlib.xcdatamodeld */; };
		6D57EF691F78B3B300CC4301 /* Assets.xcassets in Resources */ = {isa = PBXBuildFile; fileRef = 6D57EF681F78B3B300CC4301 /* Assets.xcassets */; };
		6D57EF6C1F78B3B300CC4301 /* LaunchScreen.storyboard in Resources */ = {isa = PBXBuildFile; fileRef = 6D57EF6A1F78B3B300CC4301 /* LaunchScreen.storyboard */; };
		6D57EF6F1F78B3B300CC4301 /* main.m in Sources */ = {isa = PBXBuildFile; fileRef = 6D57EF6E1F78B3B300CC4301 /* main.m */; };
		6D57EF791F78B3B300CC4301 /* MTlibTests.m in Sources */ = {isa = PBXBuildFile; fileRef = 6D57EF781F78B3B300CC4301 /* MTlibTests.m */; };
		6D57EF841F78B3B300CC4301 /* MTlibUITests.m in Sources */ = {isa = PBXBuildFile; fileRef = 6D57EF831F78B3B300CC4301 /* MTlibUITests.m */; };
		6D57EF971F78B40A00CC4301 /* AppDelegate.m in Sources */ = {isa = PBXBuildFile; fileRef = 6D57EF931F78B40A00CC4301 /* AppDelegate.m */; };
		6D57EF981F78B40A00CC4301 /* ViewController.m in Sources */ = {isa = PBXBuildFile; fileRef = 6D57EF951F78B40A00CC4301 /* ViewController.m */; };
/* End PBXBuildFile section */

/* Begin PBXContainerItemProxy section */
		6D57EF751F78B3B300CC4301 /* PBXContainerItemProxy */ = {
			isa = PBXContainerItemProxy;
			containerPortal = 6D57EF511F78B3B300CC4301 /* Project object */;
			proxyType = 1;
			remoteGlobalIDString = 6D57EF581F78B3B300CC4301;
			remoteInfo = MTlib;
		};
		6D57EF801F78B3B300CC4301 /* PBXContainerItemProxy */ = {
			isa = PBXContainerItemProxy;
			containerPortal = 6D57EF511F78B3B300CC4301 /* Project object */;
			proxyType = 1;
			remoteGlobalIDString = 6D57EF581F78B3B300CC4301;
			remoteInfo = MTlib;
		};
/* End PBXContainerItemProxy section */

/* Begin PBXFileReference section */
		6D57EF591F78B3B300CC4301 /* MTlib.app */ = {isa = PBXFileReference; explicitFileType = wrapper.application; includeInIndex = 0; path = MTlib.app; sourceTree = BUILT_PRODUCTS_DIR; };
		6D57EF631F78B3B300CC4301 /* Base */ = {isa = PBXFileReference; lastKnownFileType = file.storyboard; name = Base; path = Base.lproj/Main.storyboard; sourceTree = "<group>"; };
		6D57EF661F78B3B300CC4301 /* MTlib.xcdatamodel */ = {isa = PBXFileReference; lastKnownFileType = wrapper.xcdatamodel; path = MTlib.xcdatamodel; sourceTree = "<group>"; };
		6D57EF681F78B3B300CC4301 /* Assets.xcassets */ = {isa = PBXFileReference; lastKnownFileType = folder.assetcatalog; path = Assets.xcassets; sourceTree = "<group>"; };
		6D57EF6B1F78B3B300CC4301 /* Base */ = {isa = PBXFileReference; lastKnownFileType = file.storyboard; name = Base; path = Base.lproj/LaunchScreen.storyboard; sourceTree = "<group>"; };
		6D57EF6D1F78B3B300CC4301 /* Info.plist */ = {isa = PBXFileReference; lastKnownFileType = text.plist.xml; path = Info.plist; sourceTree = "<group>"; };
		6D57EF6E1F78B3B300CC4301 /* main.m */ = {isa = PBXFileReference; lastKnownFileType = sourcecode.c.objc; path = main.m; sourceTree = "<group>"; };
		6D57EF741F78B3B300CC4301 /* MTlibTests.xctest */ = {isa = PBXFileReference; explicitFileType = wrapper.cfbundle; includeInIndex = 0; path = MTlibTests.xctest; sourceTree = BUILT_PRODUCTS_DIR; };
		6D57EF781F78B3B300CC4301 /* MTlibTests.m */ = {isa = PBXFileReference; lastKnownFileType = sourcecode.c.objc; path = MTlibTests.m; sourceTree = "<group>"; };
		6D57EF7A1F78B3B300CC4301 /* Info.plist */ = {isa = PBXFileReference; lastKnownFileType = text.plist.xml; path = Info.plist; sourceTree = "<group>"; };
		6D57EF7F1F78B3B300CC4301 /* MTlibUITests.xctest */ = {isa = PBXFileReference; explicitFileType = wrapper.cfbundle; includeInIndex = 0; path = MTlibUITests.xctest; sourceTree = BUILT_PRODUCTS_DIR; };
		6D57EF831F78B3B300CC4301 /* MTlibUITests.m */ = {isa = PBXFileReference; lastKnownFileType = sourcecode.c.objc; path = MTlibUITests.m; sourceTree = "<group>"; };
		6D57EF851F78B3B300CC4301 /* Info.plist */ = {isa = PBXFileReference; lastKnownFileType = text.plist.xml; path = Info.plist; sourceTree = "<group>"; };
		6D57EF921F78B40A00CC4301 /* AppDelegate.h */ = {isa = PBXFileReference; fileEncoding = 4; lastKnownFileType = sourcecode.c.h; path = AppDelegate.h; sourceTree = "<group>"; };
		6D57EF931F78B40A00CC4301 /* AppDelegate.m */ = {isa = PBXFileReference; fileEncoding = 4; lastKnownFileType = sourcecode.c.objc; path = AppDelegate.m; sourceTree = "<group>"; };
		6D57EF941F78B40A00CC4301 /* ViewController.h */ = {isa = PBXFileReference; fileEncoding = 4; lastKnownFileType = sourcecode.c.h; path = ViewController.h; sourceTree = "<group>"; };
		6D57EF951F78B40A00CC4301 /* ViewController.m */ = {isa = PBXFileReference; fileEncoding = 4; lastKnownFileType = sourcecode.c.objc; path = ViewController.m; sourceTree = "<group>"; };
		6D57EF991F78B5A400CC4301 /* MTKit.h */ = {isa = PBXFileReference; lastKnownFileType = sourcecode.c.h; path = MTKit.h; sourceTree = "<group>"; };
/* End PBXFileReference section */

/* Begin PBXFrameworksBuildPhase section */
		6D57EF561F78B3B300CC4301 /* Frameworks */ = {
			isa = PBXFrameworksBuildPhase;
			buildActionMask = 2147483647;
			files = (
			);
			runOnlyForDeploymentPostprocessing = 0;
		};
		6D57EF711F78B3B300CC4301 /* Frameworks */ = {
			isa = PBXFrameworksBuildPhase;
			buildActionMask = 2147483647;
			files = (
			);
			runOnlyForDeploymentPostprocessing = 0;
		};
		6D57EF7C1F78B3B300CC4301 /* Frameworks */ = {
			isa = PBXFrameworksBuildPhase;
			buildActionMask = 2147483647;
			files = (
			);
			runOnlyForDeploymentPostprocessing = 0;
		};
/* End PBXFrameworksBuildPhase section */

/* Begin PBXGroup section */
		6D57EF501F78B3B300CC4301 = {
			isa = PBXGroup;
			children = (
				6D57EF911F78B40A00CC4301 /* Example */,
				6D57EF961F78B40A00CC4301 /* lib */,
				6D57EF5B1F78B3B300CC4301 /* MTlib */,
				6D57EF771F78B3B300CC4301 /* MTlibTests */,
				6D57EF821F78B3B300CC4301 /* MTlibUITests */,
				6D57EF5A1F78B3B300CC4301 /* Products */,
			);
			sourceTree = "<group>";
		};
		6D57EF5A1F78B3B300CC4301 /* Products */ = {
			isa = PBXGroup;
			children = (
				6D57EF591F78B3B300CC4301 /* MTlib.app */,
				6D57EF741F78B3B300CC4301 /* MTlibTests.xctest */,
				6D57EF7F1F78B3B300CC4301 /* MTlibUITests.xctest */,
			);
			name = Products;
			sourceTree = "<group>";
		};
		6D57EF5B1F78B3B300CC4301 /* MTlib */ = {
			isa = PBXGroup;
			children = (
				6D57EF621F78B3B300CC4301 /* Main.storyboard */,
				6D57EF681F78B3B300CC4301 /* Assets.xcassets */,
				6D57EF6A1F78B3B300CC4301 /* LaunchScreen.storyboard */,
				6D57EF6D1F78B3B300CC4301 /* Info.plist */,
				6D57EF6E1F78B3B300CC4301 /* main.m */,
				6D57EF651F78B3B300CC4301 /* MTlib.xcdatamodeld */,
			);
			path = MTlib;
			sourceTree = "<group>";
		};
		6D57EF771F78B3B300CC4301 /* MTlibTests */ = {
			isa = PBXGroup;
			children = (
				6D57EF781F78B3B300CC4301 /* MTlibTests.m */,
				6D57EF7A1F78B3B300CC4301 /* Info.plist */,
			);
			path = MTlibTests;
			sourceTree = "<group>";
		};
		6D57EF821F78B3B300CC4301 /* MTlibUITests */ = {
			isa = PBXGroup;
			children = (
				6D57EF831F78B3B300CC4301 /* MTlibUITests.m */,
				6D57EF851F78B3B300CC4301 /* Info.plist */,
			);
			path = MTlibUITests;
			sourceTree = "<group>";
		};
		6D57EF911F78B40A00CC4301 /* Example */ = {
			isa = PBXGroup;
			children = (
				6D57EF921F78B40A00CC4301 /* AppDelegate.h */,
				6D57EF931F78B40A00CC4301 /* AppDelegate.m */,
				6D57EF941F78B40A00CC4301 /* ViewController.h */,
				6D57EF951F78B40A00CC4301 /* ViewController.m */,
			);
			path = Example;
			sourceTree = "<group>";
		};
		6D57EF961F78B40A00CC4301 /* lib */ = {
			isa = PBXGroup;
			children = (
				6D57EF991F78B5A400CC4301 /* MTKit.h */,
			);
			path = lib;
			sourceTree = "<group>";
		};
/* End PBXGroup section */

/* Begin PBXNativeTarget section */
		6D57EF581F78B3B300CC4301 /* MTlib */ = {
			isa = PBXNativeTarget;
			buildConfigurationList = 6D57EF881F78B3B300CC4301 /* Build configuration list for PBXNativeTarget "MTlib" */;
			buildPhases = (
				6D57EF551F78B3B300CC4301 /* Sources */,
				6D57EF561F78B3B300CC4301 /* Frameworks */,
				6D57EF571F78B3B300CC4301 /* Resources */,
			);
			buildRules = (
			);
			dependencies = (
			);
			name = MTlib;
			productName = MTlib;
			productReference = 6D57EF591F78B3B300CC4301 /* MTlib.app */;
			productType = "com.apple.product-type.application";
		};
		6D57EF731F78B3B300CC4301 /* MTlibTests */ = {
			isa = PBXNativeTarget;
			buildConfigurationList = 6D57EF8B1F78B3B300CC4301 /* Build configuration list for PBXNativeTarget "MTlibTests" */;
			buildPhases = (
				6D57EF701F78B3B300CC4301 /* Sources */,
				6D57EF711F78B3B300CC4301 /* Frameworks */,
				6D57EF721F78B3B300CC4301 /* Resources */,
			);
			buildRules = (
			);
			dependencies = (
				6D57EF761F78B3B300CC4301 /* PBXTargetDependency */,
			);
			name = MTlibTests;
			productName = MTlibTests;
			productReference = 6D57EF741F78B3B300CC4301 /* MTlibTests.xctest */;
			productType = "com.apple.product-type.bundle.unit-test";
		};
		6D57EF7E1F78B3B300CC4301 /* MTlibUITests */ = {
			isa = PBXNativeTarget;
			buildConfigurationList = 6D57EF8E1F78B3B300CC4301 /* Build configuration list for PBXNativeTarget "MTlibUITests" */;
			buildPhases = (
				6D57EF7B1F78B3B300CC4301 /* Sources */,
				6D57EF7C1F78B3B300CC4301 /* Frameworks */,
				6D57EF7D1F78B3B300CC4301 /* Resources */,
			);
			buildRules = (
			);
			dependencies = (
				6D57EF811F78B3B300CC4301 /* PBXTargetDependency */,
			);
			name = MTlibUITests;
			productName = MTlibUITests;
			productReference = 6D57EF7F1F78B3B300CC4301 /* MTlibUITests.xctest */;
			productType = "com.apple.product-type.bundle.ui-testing";
		};
/* End PBXNativeTarget section */

/* Begin PBXProject section */
		6D57EF511F78B3B300CC4301 /* Project object */ = {
			isa = PBXProject;
			attributes = {
				LastUpgradeCheck = 0900;
				ORGANIZATIONNAME = MTKIT;
				TargetAttributes = {
					6D57EF581F78B3B300CC4301 = {
						CreatedOnToolsVersion = 9.0;
						ProvisioningStyle = Automatic;
					};
					6D57EF731F78B3B300CC4301 = {
						CreatedOnToolsVersion = 9.0;
						ProvisioningStyle = Automatic;
						TestTargetID = 6D57EF581F78B3B300CC4301;
					};
					6D57EF7E1F78B3B300CC4301 = {
						CreatedOnToolsVersion = 9.0;
						ProvisioningStyle = Automatic;
						TestTargetID = 6D57EF581F78B3B300CC4301;
					};
				};
			};
			buildConfigurationList = 6D57EF541F78B3B300CC4301 /* Build configuration list for PBXProject "MTlib" */;
			compatibilityVersion = "Xcode 8.0";
			developmentRegion = en;
			hasScannedForEncodings = 0;
			knownRegions = (
				en,
				Base,
			);
			mainGroup = 6D57EF501F78B3B300CC4301;
			productRefGroup = 6D57EF5A1F78B3B300CC4301 /* Products */;
			projectDirPath = "";
			projectRoot = "";
			targets = (
				6D57EF581F78B3B300CC4301 /* MTlib */,
				6D57EF731F78B3B300CC4301 /* MTlibTests */,
				6D57EF7E1F78B3B300CC4301 /* MTlibUITests */,
			);
		};
/* End PBXProject section */

/* Begin PBXResourcesBuildPhase section */
		6D57EF571F78B3B300CC4301 /* Resources */ = {
			isa = PBXResourcesBuildPhase;
			buildActionMask = 2147483647;
			files = (
				6D57EF6C1F78B3B300CC4301 /* LaunchScreen.storyboard in Resources */,
				6D57EF691F78B3B300CC4301 /* Assets.xcassets in Resources */,
				6D57EF641F78B3B300CC4301 /* Main.storyboard in Resources */,
			);
			runOnlyForDeploymentPostprocessing = 0;
		};
		6D57EF721F78B3B300CC4301 /* Resources */ = {
			isa = PBXResourcesBuildPhase;
			buildActionMask = 2147483647;
			files = (
			);
			runOnlyForDeploymentPostprocessing = 0;
		};
		6D57EF7D1F78B3B300CC4301 /* Resources */ = {
			isa = PBXResourcesBuildPhase;
			buildActionMask = 2147483647;
			files = (
			);
			runOnlyForDeploymentPostprocessing = 0;
		};
/* End PBXResourcesBuildPhase section */

/* Begin PBXSourcesBuildPhase section */
		6D57EF551F78B3B300CC4301 /* Sources */ = {
			isa = PBXSourcesBuildPhase;
			buildActionMask = 2147483647;
			files = (
				6D57EF671F78B3B300CC4301 /* MTlib.xcdatamodeld in Sources */,
				6D57EF6F1F78B3B300CC4301 /* main.m in Sources */,
				6D57EF981F78B40A00CC4301 /* ViewController.m in Sources */,
				6D57EF971F78B40A00CC4301 /* AppDelegate.m in Sources */,
			);
			runOnlyForDeploymentPostprocessing = 0;
		};
		6D57EF701F78B3B300CC4301 /* Sources */ = {
			isa = PBXSourcesBuildPhase;
			buildActionMask = 2147483647;
			files = (
				6D57EF791F78B3B300CC4301 /* MTlibTests.m in Sources */,
			);
			runOnlyForDeploymentPostprocessing = 0;
		};
		6D57EF7B1F78B3B300CC4301 /* Sources */ = {
			isa = PBXSourcesBuildPhase;
			buildActionMask = 2147483647;
			files = (
				6D57EF841F78B3B300CC4301 /* MTlibUITests.m in Sources */,
			);
			runOnlyForDeploymentPostprocessing = 0;
		};
/* End PBXSourcesBuildPhase section */

/* Begin PBXTargetDependency section */
		6D57EF761F78B3B300CC4301 /* PBXTargetDependency */ = {
			isa = PBXTargetDependency;
			target = 6D57EF581F78B3B300CC4301 /* MTlib */;
			targetProxy = 6D57EF751F78B3B300CC4301 /* PBXContainerItemProxy */;
		};
		6D57EF811F78B3B300CC4301 /* PBXTargetDependency */ = {
			isa = PBXTargetDependency;
			target = 6D57EF581F78B3B300CC4301 /* MTlib */;
			targetProxy = 6D57EF801F78B3B300CC4301 /* PBXContainerItemProxy */;
		};
/* End PBXTargetDependency section */

/* Begin PBXVariantGroup section */
		6D57EF621F78B3B300CC4301 /* Main.storyboard */ = {
			isa = PBXVariantGroup;
			children = (
				6D57EF631F78B3B300CC4301 /* Base */,
			);
			name = Main.storyboard;
			sourceTree = "<group>";
		};
		6D57EF6A1F78B3B300CC4301 /* LaunchScreen.storyboard */ = {
			isa = PBXVariantGroup;
			children = (
				6D57EF6B1F78B3B300CC4301 /* Base */,
			);
			name = LaunchScreen.storyboard;
			sourceTree = "<group>";
		};
/* End PBXVariantGroup section */

/* Begin XCBuildConfiguration section */
		6D57EF861F78B3B300CC4301 /* Debug */ = {
			isa = XCBuildConfiguration;
			buildSettings = {
				ALWAYS_SEARCH_USER_PATHS = NO;
				CLANG_ANALYZER_NONNULL = YES;
				CLANG_ANALYZER_NUMBER_OBJECT_CONVERSION = YES_AGGRESSIVE;
				CLANG_CXX_LANGUAGE_STANDARD = "gnu++14";
				CLANG_CXX_LIBRARY = "libc++";
				CLANG_ENABLE_MODULES = YES;
				CLANG_ENABLE_OBJC_ARC = YES;
				CLANG_WARN_BLOCK_CAPTURE_AUTORELEASING = YES;
				CLANG_WARN_BOOL_CONVERSION = YES;
				CLANG_WARN_COMMA = YES;
				CLANG_WARN_CONSTANT_CONVERSION = YES;
				CLANG_WARN_DIRECT_OBJC_ISA_USAGE = YES_ERROR;
				CLANG_WARN_DOCUMENTATION_COMMENTS = YES;
				CLANG_WARN_EMPTY_BODY = YES;
				CLANG_WARN_ENUM_CONVERSION = YES;
				CLANG_WARN_INFINITE_RECURSION = YES;
				CLANG_WARN_INT_CONVERSION = YES;
				CLANG_WARN_NON_LITERAL_NULL_CONVERSION = YES;
				CLANG_WARN_OBJC_LITERAL_CONVERSION = YES;
				CLANG_WARN_OBJC_ROOT_CLASS = YES_ERROR;
				CLANG_WARN_RANGE_LOOP_ANALYSIS = YES;
				CLANG_WARN_STRICT_PROTOTYPES = YES;
				CLANG_WARN_SUSPICIOUS_MOVE = YES;
				CLANG_WARN_UNGUARDED_AVAILABILITY = YES_AGGRESSIVE;
				CLANG_WARN_UNREACHABLE_CODE = YES;
				CLANG_WARN__DUPLICATE_METHOD_MATCH = YES;
				CODE_SIGN_IDENTITY = "iPhone Developer";
				COPY_PHASE_STRIP = NO;
				DEBUG_INFORMATION_FORMAT = dwarf;
				ENABLE_STRICT_OBJC_MSGSEND = YES;
				ENABLE_TESTABILITY = YES;
				GCC_C_LANGUAGE_STANDARD = gnu11;
				GCC_DYNAMIC_NO_PIC = NO;
				GCC_NO_COMMON_BLOCKS = YES;
				GCC_OPTIMIZATION_LEVEL = 0;
				GCC_PREPROCESSOR_DEFINITIONS = (
					"DEBUG=1",
					"$(inherited)",
				);
				GCC_WARN_64_TO_32_BIT_CONVERSION = YES;
				GCC_WARN_ABOUT_RETURN_TYPE = YES_ERROR;
				GCC_WARN_UNDECLARED_SELECTOR = YES;
				GCC_WARN_UNINITIALIZED_AUTOS = YES_AGGRESSIVE;
				GCC_WARN_UNUSED_FUNCTION = YES;
				GCC_WARN_UNUSED_VARIABLE = YES;
				IPHONEOS_DEPLOYMENT_TARGET = 11.0;
				MTL_ENABLE_DEBUG_INFO = YES;
				ONLY_ACTIVE_ARCH = YES;
				SDKROOT = iphoneos;
			};
			name = Debug;
		};
		6D57EF871F78B3B300CC4301 /* Release */ = {
			isa = XCBuildConfiguration;
			buildSettings = {
				ALWAYS_SEARCH_USER_PATHS = NO;
				CLANG_ANALYZER_NONNULL = YES;
				CLANG_ANALYZER_NUMBER_OBJECT_CONVERSION = YES_AGGRESSIVE;
				CLANG_CXX_LANGUAGE_STANDARD = "gnu++14";
				CLANG_CXX_LIBRARY = "libc++";
				CLANG_ENABLE_MODULES = YES;
				CLANG_ENABLE_OBJC_ARC = YES;
				CLANG_WARN_BLOCK_CAPTURE_AUTORELEASING = YES;
				CLANG_WARN_BOOL_CONVERSION = YES;
				CLANG_WARN_COMMA = YES;
				CLANG_WARN_CONSTANT_CONVERSION = YES;
				CLANG_WARN_DIRECT_OBJC_ISA_USAGE = YES_ERROR;
				CLANG_WARN_DOCUMENTATION_COMMENTS = YES;
				CLANG_WARN_EMPTY_BODY = YES;
				CLANG_WARN_ENUM_CONVERSION = YES;
				CLANG_WARN_INFINITE_RECURSION = YES;
				CLANG_WARN_INT_CONVERSION = YES;
				CLANG_WARN_NON_LITERAL_NULL_CONVERSION = YES;
				CLANG_WARN_OBJC_LITERAL_CONVERSION = YES;
				CLANG_WARN_OBJC_ROOT_CLASS = YES_ERROR;
				CLANG_WARN_RANGE_LOOP_ANALYSIS = YES;
				CLANG_WARN_STRICT_PROTOTYPES = YES;
				CLANG_WARN_SUSPICIOUS_MOVE = YES;
				CLANG_WARN_UNGUARDED_AVAILABILITY = YES_AGGRESSIVE;
				CLANG_WARN_UNREACHABLE_CODE = YES;
				CLANG_WARN__DUPLICATE_METHOD_MATCH = YES;
				CODE_SIGN_IDENTITY = "iPhone Developer";
				COPY_PHASE_STRIP = NO;
				DEBUG_INFORMATION_FORMAT = "dwarf-with-dsym";
				ENABLE_NS_ASSERTIONS = NO;
				ENABLE_STRICT_OBJC_MSGSEND = YES;
				GCC_C_LANGUAGE_STANDARD = gnu11;
				GCC_NO_COMMON_BLOCKS = YES;
				GCC_WARN_64_TO_32_BIT_CONVERSION = YES;
				GCC_WARN_ABOUT_RETURN_TYPE = YES_ERROR;
				GCC_WARN_UNDECLARED_SELECTOR = YES;
				GCC_WARN_UNINITIALIZED_AUTOS = YES_AGGRESSIVE;
				GCC_WARN_UNUSED_FUNCTION = YES;
				GCC_WARN_UNUSED_VARIABLE = YES;
				IPHONEOS_DEPLOYMENT_TARGET = 11.0;
				MTL_ENABLE_DEBUG_INFO = NO;
				SDKROOT = iphoneos;
				VALIDATE_PRODUCT = YES;
			};
			name = Release;
		};
		6D57EF891F78B3B300CC4301 /* Debug */ = {
			isa = XCBuildConfiguration;
			buildSettings = {
				ASSETCATALOG_COMPILER_APPICON_NAME = AppIcon;
				CODE_SIGN_STYLE = Automatic;
				DEVELOPMENT_TEAM = 2TC6SPVW4E;
				INFOPLIST_FILE = MTlib/Info.plist;
				LD_RUNPATH_SEARCH_PATHS = "$(inherited) @executable_path/Frameworks";
				PRODUCT_BUNDLE_IDENTIFIER = MTFrameWork.MTlib;
				PRODUCT_NAME = "$(TARGET_NAME)";
				TARGETED_DEVICE_FAMILY = "1,2";
			};
			name = Debug;
		};
		6D57EF8A1F78B3B300CC4301 /* Release */ = {
			isa = XCBuildConfiguration;
			buildSettings = {
				ASSETCATALOG_COMPILER_APPICON_NAME = AppIcon;
				CODE_SIGN_STYLE = Automatic;
				DEVELOPMENT_TEAM = 2TC6SPVW4E;
				INFOPLIST_FILE = MTlib/Info.plist;
				LD_RUNPATH_SEARCH_PATHS = "$(inherited) @executable_path/Frameworks";
				PRODUCT_BUNDLE_IDENTIFIER = MTFrameWork.MTlib;
				PRODUCT_NAME = "$(TARGET_NAME)";
				TARGETED_DEVICE_FAMILY = "1,2";
			};
			name = Release;
		};
		6D57EF8C1F78B3B300CC4301 /* Debug */ = {
			isa = XCBuildConfiguration;
			buildSettings = {
				BUNDLE_LOADER = "$(TEST_HOST)";
				CODE_SIGN_STYLE = Automatic;
				DEVELOPMENT_TEAM = 2TC6SPVW4E;
				INFOPLIST_FILE = MTlibTests/Info.plist;
				LD_RUNPATH_SEARCH_PATHS = "$(inherited) @executable_path/Frameworks @loader_path/Frameworks";
				PRODUCT_BUNDLE_IDENTIFIER = MTFrameWork.MTlibTests;
				PRODUCT_NAME = "$(TARGET_NAME)";
				TARGETED_DEVICE_FAMILY = "1,2";
				TEST_HOST = "$(BUILT_PRODUCTS_DIR)/MTlib.app/MTlib";
			};
			name = Debug;
		};
		6D57EF8D1F78B3B300CC4301 /* Release */ = {
			isa = XCBuildConfiguration;
			buildSettings = {
				BUNDLE_LOADER = "$(TEST_HOST)";
				CODE_SIGN_STYLE = Automatic;
				DEVELOPMENT_TEAM = 2TC6SPVW4E;
				INFOPLIST_FILE = MTlibTests/Info.plist;
				LD_RUNPATH_SEARCH_PATHS = "$(inherited) @executable_path/Frameworks @loader_path/Frameworks";
				PRODUCT_BUNDLE_IDENTIFIER = MTFrameWork.MTlibTests;
				PRODUCT_NAME = "$(TARGET_NAME)";
				TARGETED_DEVICE_FAMILY = "1,2";
				TEST_HOST = "$(BUILT_PRODUCTS_DIR)/MTlib.app/MTlib";
			};
			name = Release;
		};
		6D57EF8F1F78B3B300CC4301 /* Debug */ = {
			isa = XCBuildConfiguration;
			buildSettings = {
				CODE_SIGN_STYLE = Automatic;
				DEVELOPMENT_TEAM = 2TC6SPVW4E;
				INFOPLIST_FILE = MTlibUITests/Info.plist;
				LD_RUNPATH_SEARCH_PATHS = "$(inherited) @executable_path/Frameworks @loader_path/Frameworks";
				PRODUCT_BUNDLE_IDENTIFIER = MTFrameWork.MTlibUITests;
				PRODUCT_NAME = "$(TARGET_NAME)";
				TARGETED_DEVICE_FAMILY = "1,2";
				TEST_TARGET_NAME = MTlib;
			};
			name = Debug;
		};
		6D57EF901F78B3B300CC4301 /* Release */ = {
			isa = XCBuildConfiguration;
			buildSettings = {
				CODE_SIGN_STYLE = Automatic;
				DEVELOPMENT_TEAM = 2TC6SPVW4E;
				INFOPLIST_FILE = MTlibUITests/Info.plist;
				LD_RUNPATH_SEARCH_PATHS = "$(inherited) @executable_path/Frameworks @loader_path/Frameworks";
				PRODUCT_BUNDLE_IDENTIFIER = MTFrameWork.MTlibUITests;
				PRODUCT_NAME = "$(TARGET_NAME)";
				TARGETED_DEVICE_FAMILY = "1,2";
				TEST_TARGET_NAME = MTlib;
			};
			name = Release;
		};
/* End XCBuildConfiguration section */

/* Begin XCConfigurationList section */
		6D57EF541F78B3B300CC4301 /* Build configuration list for PBXProject "MTlib" */ = {
			isa = XCConfigurationList;
			buildConfigurations = (
				6D57EF861F78B3B300CC4301 /* Debug */,
				6D57EF871F78B3B300CC4301 /* Release */,
			);
			defaultConfigurationIsVisible = 0;
			defaultConfigurationName = Release;
		};
		6D57EF881F78B3B300CC4301 /* Build configuration list for PBXNativeTarget "MTlib" */ = {
			isa = XCConfigurationList;
			buildConfigurations = (
				6D57EF891F78B3B300CC4301 /* Debug */,
				6D57EF8A1F78B3B300CC4301 /* Release */,
			);
			defaultConfigurationIsVisible = 0;
			defaultConfigurationName = Release;
		};
		6D57EF8B1F78B3B300CC4301 /* Build configuration list for PBXNativeTarget "MTlibTests" */ = {
			isa = XCConfigurationList;
			buildConfigurations = (
				6D57EF8C1F78B3B300CC4301 /* Debug */,
				6D57EF8D1F78B3B300CC4301 /* Release */,
			);
			defaultConfigurationIsVisible = 0;
			defaultConfigurationName = Release;
		};
		6D57EF8E1F78B3B300CC4301 /* Build configuration list for PBXNativeTarget "MTlibUITests" */ = {
			isa = XCConfigurationList;
			buildConfigurations = (
				6D57EF8F1F78B3B300CC4301 /* Debug */,
				6D57EF901F78B3B300CC4301 /* Release */,
			);
			defaultConfigurationIsVisible = 0;
			defaultConfigurationName = Release;
		};
/* End XCConfigurationList section */

/* Begin XCVersionGroup section */
		6D57EF651F78B3B300CC4301 /* MTlib.xcdatamodeld */ = {
			isa = XCVersionGroup;
			children = (
				6D57EF661F78B3B300CC4301 /* MTlib.xcdatamodel */,
			);
			currentVersion = 6D57EF661F78B3B300CC4301 /* MTlib.xcdatamodel */;
			path = MTlib.xcdatamodeld;
			sourceTree = "<group>";
			versionGroupType = wrapper.xcdatamodel;
		};
/* End XCVersionGroup section */
	};
	rootObject = 6D57EF511F78B3B300CC4301 /* Project object */;
}
